// !$*UTF8*$!
{
	archiveVersion = 1;
	classes = {
	};
	objectVersion = 46;
	objects = {

/* Begin PBXBuildFile section */
		27DD950A195EA2C100D65580 /* Foundation.framework in Frameworks */ = {isa = PBXBuildFile; fileRef = 27DD9509195EA2C100D65580 /* Foundation.framework */; };
		27DD950C195EA2C100D65580 /* CoreGraphics.framework in Frameworks */ = {isa = PBXBuildFile; fileRef = 27DD950B195EA2C100D65580 /* CoreGraphics.framework */; };
		27DD950E195EA2C100D65580 /* UIKit.framework in Frameworks */ = {isa = PBXBuildFile; fileRef = 27DD950D195EA2C100D65580 /* UIKit.framework */; };
		27DD9514195EA2C100D65580 /* InfoPlist.strings in Resources */ = {isa = PBXBuildFile; fileRef = 27DD9512195EA2C100D65580 /* InfoPlist.strings */; };
		27DD9516195EA2C100D65580 /* main.m in Sources */ = {isa = PBXBuildFile; fileRef = 27DD9515195EA2C100D65580 /* main.m */; };
		27DD951A195EA2C100D65580 /* AppDelegate.m in Sources */ = {isa = PBXBuildFile; fileRef = 27DD9519195EA2C100D65580 /* AppDelegate.m */; };
		27DD951D195EA2C100D65580 /* Main.storyboard in Resources */ = {isa = PBXBuildFile; fileRef = 27DD951B195EA2C100D65580 /* Main.storyboard */; };
		27DD9520195EA2C100D65580 /* ViewController.m in Sources */ = {isa = PBXBuildFile; fileRef = 27DD951F195EA2C100D65580 /* ViewController.m */; };
		27DD9522195EA2C100D65580 /* Images.xcassets in Resources */ = {isa = PBXBuildFile; fileRef = 27DD9521195EA2C100D65580 /* Images.xcassets */; };
		27DD9529195EA2C100D65580 /* XCTest.framework in Frameworks */ = {isa = PBXBuildFile; fileRef = 27DD9528195EA2C100D65580 /* XCTest.framework */; };
		27DD952A195EA2C100D65580 /* Foundation.framework in Frameworks */ = {isa = PBXBuildFile; fileRef = 27DD9509195EA2C100D65580 /* Foundation.framework */; };
		27DD952B195EA2C100D65580 /* UIKit.framework in Frameworks */ = {isa = PBXBuildFile; fileRef = 27DD950D195EA2C100D65580 /* UIKit.framework */; };
		27DD9533195EA2C100D65580 /* InfoPlist.strings in Resources */ = {isa = PBXBuildFile; fileRef = 27DD9531195EA2C100D65580 /* InfoPlist.strings */; };
		27DD9535195EA2C100D65580 /* molosoTests.m in Sources */ = {isa = PBXBuildFile; fileRef = 27DD9534195EA2C100D65580 /* molosoTests.m */; };
/* End PBXBuildFile section */

/* Begin PBXContainerItemProxy section */
		27DD952C195EA2C100D65580 /* PBXContainerItemProxy */ = {
			isa = PBXContainerItemProxy;
			containerPortal = 27DD94FE195EA2C100D65580 /* Project object */;
			proxyType = 1;
			remoteGlobalIDString = 27DD9505195EA2C100D65580;
			remoteInfo = moloso;
		};
/* End PBXContainerItemProxy section */

/* Begin PBXFileReference section */
		27DD9506195EA2C100D65580 /* moloso.app */ = {isa = PBXFileReference; explicitFileType = wrapper.application; includeInIndex = 0; path = moloso.app; sourceTree = BUILT_PRODUCTS_DIR; };
		27DD9509195EA2C100D65580 /* Foundation.framework */ = {isa = PBXFileReference; lastKnownFileType = wrapper.framework; name = Foundation.framework; path = System/Library/Frameworks/Foundation.framework; sourceTree = SDKROOT; };
		27DD950B195EA2C100D65580 /* CoreGraphics.framework */ = {isa = PBXFileReference; lastKnownFileType = wrapper.framework; name = CoreGraphics.framework; path = System/Library/Frameworks/CoreGraphics.framework; sourceTree = SDKROOT; };
		27DD950D195EA2C100D65580 /* UIKit.framework */ = {isa = PBXFileReference; lastKnownFileType = wrapper.framework; name = UIKit.framework; path = System/Library/Frameworks/UIKit.framework; sourceTree = SDKROOT; };
		27DD9511195EA2C100D65580 /* moloso-Info.plist */ = {isa = PBXFileReference; lastKnownFileType = text.plist.xml; path = "moloso-Info.plist"; sourceTree = "<group>"; };
		27DD9513195EA2C100D65580 /* en */ = {isa = PBXFileReference; lastKnownFileType = text.plist.strings; name = en; path = en.lproj/InfoPlist.strings; sourceTree = "<group>"; };
		27DD9515195EA2C100D65580 /* main.m */ = {isa = PBXFileReference; lastKnownFileType = sourcecode.c.objc; path = main.m; sourceTree = "<group>"; };
		27DD9517195EA2C100D65580 /* moloso-Prefix.pch */ = {isa = PBXFileReference; lastKnownFileType = sourcecode.c.h; path = "moloso-Prefix.pch"; sourceTree = "<group>"; };
		27DD9518195EA2C100D65580 /* AppDelegate.h */ = {isa = PBXFileReference; lastKnownFileType = sourcecode.c.h; path = AppDelegate.h; sourceTree = "<group>"; };
		27DD9519195EA2C100D65580 /* AppDelegate.m */ = {isa = PBXFileReference; lastKnownFileType = sourcecode.c.objc; path = AppDelegate.m; sourceTree = "<group>"; };
		27DD951C195EA2C100D65580 /* Base */ = {isa = PBXFileReference; lastKnownFileType = file.storyboard; name = Base; path = Base.lproj/Main.storyboard; sourceTree = "<group>"; };
		27DD951E195EA2C100D65580 /* ViewController.h */ = {isa = PBXFileReference; lastKnownFileType = sourcecode.c.h; path = ViewController.h; sourceTree = "<group>"; };
		27DD951F195EA2C100D65580 /* ViewController.m */ = {isa = PBXFileReference; lastKnownFileType = sourcecode.c.objc; path = ViewController.m; sourceTree = "<group>"; };
		27DD9521195EA2C100D65580 /* Images.xcassets */ = {isa = PBXFileReference; lastKnownFileType = folder.assetcatalog; path = Images.xcassets; sourceTree = "<group>"; };
		27DD9527195EA2C100D65580 /* molosoTests.xctest */ = {isa = PBXFileReference; explicitFileType = wrapper.cfbundle; includeInIndex = 0; path = molosoTests.xctest; sourceTree = BUILT_PRODUCTS_DIR; };
		27DD9528195EA2C100D65580 /* XCTest.framework */ = {isa = PBXFileReference; lastKnownFileType = wrapper.framework; name = XCTest.framework; path = Library/Frameworks/XCTest.framework; sourceTree = DEVELOPER_DIR; };
		27DD9530195EA2C100D65580 /* molosoTests-Info.plist */ = {isa = PBXFileReference; lastKnownFileType = text.plist.xml; path = "molosoTests-Info.plist"; sourceTree = "<group>"; };
		27DD9532195EA2C100D65580 /* en */ = {isa = PBXFileReference; lastKnownFileType = text.plist.strings; name = en; path = en.lproj/InfoPlist.strings; sourceTree = "<group>"; };
		27DD9534195EA2C100D65580 /* molosoTests.m */ = {isa = PBXFileReference; lastKnownFileType = sourcecode.c.objc; path = molosoTests.m; sourceTree = "<group>"; };
/* End PBXFileReference section */

/* Begin PBXFrameworksBuildPhase section */
		27DD9503195EA2C100D65580 /* Frameworks */ = {
			isa = PBXFrameworksBuildPhase;
			buildActionMask = 2147483647;
			files = (
				27DD950C195EA2C100D65580 /* CoreGraphics.framework in Frameworks */,
				27DD950E195EA2C100D65580 /* UIKit.framework in Frameworks */,
				27DD950A195EA2C100D65580 /* Foundation.framework in Frameworks */,
			);
			runOnlyForDeploymentPostprocessing = 0;
		};
		27DD9524195EA2C100D65580 /* Frameworks */ = {
			isa = PBXFrameworksBuildPhase;
			buildActionMask = 2147483647;
			files = (
				27DD9529195EA2C100D65580 /* XCTest.framework in Frameworks */,
				27DD952B195EA2C100D65580 /* UIKit.framework in Frameworks */,
				27DD952A195EA2C100D65580 /* Foundation.framework in Frameworks */,
			);
			runOnlyForDeploymentPostprocessing = 0;
		};
/* End PBXFrameworksBuildPhase section */

/* Begin PBXGroup section */
		27DD94FD195EA2C100D65580 = {
			isa = PBXGroup;
			children = (
				27DD950F195EA2C100D65580 /* moloso */,
				27DD952E195EA2C100D65580 /* molosoTests */,
				27DD9508195EA2C100D65580 /* Frameworks */,
				27DD9507195EA2C100D65580 /* Products */,
			);
			sourceTree = "<group>";
		};
		27DD9507195EA2C100D65580 /* Products */ = {
			isa = PBXGroup;
			children = (
				27DD9506195EA2C100D65580 /* moloso.app */,
				27DD9527195EA2C100D65580 /* molosoTests.xctest */,
			);
			name = Products;
			sourceTree = "<group>";
		};
		27DD9508195EA2C100D65580 /* Frameworks */ = {
			isa = PBXGroup;
			children = (
				27DD9509195EA2C100D65580 /* Foundation.framework */,
				27DD950B195EA2C100D65580 /* CoreGraphics.framework */,
				27DD950D195EA2C100D65580 /* UIKit.framework */,
				27DD9528195EA2C100D65580 /* XCTest.framework */,
			);
			name = Frameworks;
			sourceTree = "<group>";
		};
		27DD950F195EA2C100D65580 /* moloso */ = {
			isa = PBXGroup;
			children = (
				27DD9518195EA2C100D65580 /* AppDelegate.h */,
				27DD9519195EA2C100D65580 /* AppDelegate.m */,
				27DD951B195EA2C100D65580 /* Main.storyboard */,
				27DD951E195EA2C100D65580 /* ViewController.h */,
				27DD951F195EA2C100D65580 /* ViewController.m */,
				27DD9521195EA2C100D65580 /* Images.xcassets */,
				27DD9510195EA2C100D65580 /* Supporting Files */,
			);
			path = moloso;
			sourceTree = "<group>";
		};
		27DD9510195EA2C100D65580 /* Supporting Files */ = {
			isa = PBXGroup;
			children = (
				27DD9511195EA2C100D65580 /* moloso-Info.plist */,
				27DD9512195EA2C100D65580 /* InfoPlist.strings */,
				27DD9515195EA2C100D65580 /* main.m */,
				27DD9517195EA2C100D65580 /* moloso-Prefix.pch */,
			);
			name = "Supporting Files";
			sourceTree = "<group>";
		};
		27DD952E195EA2C100D65580 /* molosoTests */ = {
			isa = PBXGroup;
			children = (
				27DD9534195EA2C100D65580 /* molosoTests.m */,
				27DD952F195EA2C100D65580 /* Supporting Files */,
			);
			path = molosoTests;
			sourceTree = "<group>";
		};
		27DD952F195EA2C100D65580 /* Supporting Files */ = {
			isa = PBXGroup;
			children = (
				27DD9530195EA2C100D65580 /* molosoTests-Info.plist */,
				27DD9531195EA2C100D65580 /* InfoPlist.strings */,
			);
			name = "Supporting Files";
			sourceTree = "<group>";
		};
/* End PBXGroup section */

/* Begin PBXNativeTarget section */
		27DD9505195EA2C100D65580 /* moloso */ = {
			isa = PBXNativeTarget;
			buildConfigurationList = 27DD9538195EA2C100D65580 /* Build configuration list for PBXNativeTarget "moloso" */;
			buildPhases = (
				27DD9502195EA2C100D65580 /* Sources */,
				27DD9503195EA2C100D65580 /* Frameworks */,
				27DD9504195EA2C100D65580 /* Resources */,
			);
			buildRules = (
			);
			dependencies = (
			);
			name = moloso;
			productName = moloso;
			productReference = 27DD9506195EA2C100D65580 /* moloso.app */;
			productType = "com.apple.product-type.application";
		};
		27DD9526195EA2C100D65580 /* molosoTests */ = {
			isa = PBXNativeTarget;
			buildConfigurationList = 27DD953B195EA2C100D65580 /* Build configuration list for PBXNativeTarget "molosoTests" */;
			buildPhases = (
				27DD9523195EA2C100D65580 /* Sources */,
				27DD9524195EA2C100D65580 /* Frameworks */,
				27DD9525195EA2C100D65580 /* Resources */,
			);
			buildRules = (
			);
			dependencies = (
				27DD952D195EA2C100D65580 /* PBXTargetDependency */,
			);
			name = molosoTests;
			productName = molosoTests;
			productReference = 27DD9527195EA2C100D65580 /* molosoTests.xctest */;
			productType = "com.apple.product-type.bundle.unit-test";
		};
/* End PBXNativeTarget section */

/* Begin PBXProject section */
		27DD94FE195EA2C100D65580 /* Project object */ = {
			isa = PBXProject;
			attributes = {
				LastUpgradeCheck = 0510;
				ORGANIZATIONNAME = croath;
				TargetAttributes = {
					27DD9526195EA2C100D65580 = {
						TestTargetID = 27DD9505195EA2C100D65580;
					};
				};
			};
			buildConfigurationList = 27DD9501195EA2C100D65580 /* Build configuration list for PBXProject "moloso" */;
			compatibilityVersion = "Xcode 3.2";
			developmentRegion = English;
			hasScannedForEncodings = 0;
			knownRegions = (
				en,
				Base,
			);
			mainGroup = 27DD94FD195EA2C100D65580;
			productRefGroup = 27DD9507195EA2C100D65580 /* Products */;
			projectDirPath = "";
			projectRoot = "";
			targets = (
				27DD9505195EA2C100D65580 /* moloso */,
				27DD9526195EA2C100D65580 /* molosoTests */,
			);
		};
/* End PBXProject section */

/* Begin PBXResourcesBuildPhase section */
		27DD9504195EA2C100D65580 /* Resources */ = {
			isa = PBXResourcesBuildPhase;
			buildActionMask = 2147483647;
			files = (
				27DD9522195EA2C100D65580 /* Images.xcassets in Resources */,
				27DD9514195EA2C100D65580 /* InfoPlist.strings in Resources */,
				27DD951D195EA2C100D65580 /* Main.storyboard in Resources */,
			);
			runOnlyForDeploymentPostprocessing = 0;
		};
		27DD9525195EA2C100D65580 /* Resources */ = {
			isa = PBXResourcesBuildPhase;
			buildActionMask = 2147483647;
			files = (
				27DD9533195EA2C100D65580 /* InfoPlist.strings in Resources */,
			);
			runOnlyForDeploymentPostprocessing = 0;
		};
/* End PBXResourcesBuildPhase section */

/* Begin PBXSourcesBuildPhase section */
		27DD9502195EA2C100D65580 /* Sources */ = {
			isa = PBXSourcesBuildPhase;
			buildActionMask = 2147483647;
			files = (
				27DD9520195EA2C100D65580 /* ViewController.m in Sources */,
				27DD951A195EA2C100D65580 /* AppDelegate.m in Sources */,
				27DD9516195EA2C100D65580 /* main.m in Sources */,
			);
			runOnlyForDeploymentPostprocessing = 0;
		};
		27DD9523195EA2C100D65580 /* Sources */ = {
			isa = PBXSourcesBuildPhase;
			buildActionMask = 2147483647;
			files = (
				27DD9535195EA2C100D65580 /* molosoTests.m in Sources */,
			);
			runOnlyForDeploymentPostprocessing = 0;
		};
/* End PBXSourcesBuildPhase section */

/* Begin PBXTargetDependency section */
		27DD952D195EA2C100D65580 /* PBXTargetDependency */ = {
			isa = PBXTargetDependency;
			target = 27DD9505195EA2C100D65580 /* moloso */;
			targetProxy = 27DD952C195EA2C100D65580 /* PBXContainerItemProxy */;
		};
/* End PBXTargetDependency section */

/* Begin PBXVariantGroup section */
		27DD9512195EA2C100D65580 /* InfoPlist.strings */ = {
			isa = PBXVariantGroup;
			children = (
				27DD9513195EA2C100D65580 /* en */,
			);
			name = InfoPlist.strings;
			sourceTree = "<group>";
		};
		27DD951B195EA2C100D65580 /* Main.storyboard */ = {
			isa = PBXVariantGroup;
			children = (
				27DD951C195EA2C100D65580 /* Base */,
			);
			name = Main.storyboard;
			sourceTree = "<group>";
		};
		27DD9531195EA2C100D65580 /* InfoPlist.strings */ = {
			isa = PBXVariantGroup;
			children = (
				27DD9532195EA2C100D65580 /* en */,
			);
			name = InfoPlist.strings;
			sourceTree = "<group>";
		};
/* End PBXVariantGroup section */

/* Begin XCBuildConfiguration section */
		27DD9536195EA2C100D65580 /* Debug */ = {
			isa = XCBuildConfiguration;
			buildSettings = {
				ALWAYS_SEARCH_USER_PATHS = NO;
				CLANG_CXX_LANGUAGE_STANDARD = "gnu++0x";
				CLANG_CXX_LIBRARY = "libc++";
				CLANG_ENABLE_MODULES = YES;
				CLANG_ENABLE_OBJC_ARC = YES;
				CLANG_WARN_BOOL_CONVERSION = YES;
				CLANG_WARN_CONSTANT_CONVERSION = YES;
				CLANG_WARN_DIRECT_OBJC_ISA_USAGE = YES_ERROR;
				CLANG_WARN_EMPTY_BODY = YES;
				CLANG_WARN_ENUM_CONVERSION = YES;
				CLANG_WARN_INT_CONVERSION = YES;
				CLANG_WARN_OBJC_ROOT_CLASS = YES_ERROR;
				CLANG_WARN__DUPLICATE_METHOD_MATCH = YES;
				"CODE_SIGN_IDENTITY[sdk=iphoneos*]" = "iPhone Developer";
				COPY_PHASE_STRIP = NO;
				GCC_C_LANGUAGE_STANDARD = gnu99;
				GCC_DYNAMIC_NO_PIC = NO;
				GCC_OPTIMIZATION_LEVEL = 0;
				GCC_PREPROCESSOR_DEFINITIONS = (
					"DEBUG=1",
					"$(inherited)",
				);
				GCC_SYMBOLS_PRIVATE_EXTERN = NO;
				GCC_WARN_64_TO_32_BIT_CONVERSION = YES;
				GCC_WARN_ABOUT_RETURN_TYPE = YES_ERROR;
				GCC_WARN_UNDECLARED_SELECTOR = YES;
				GCC_WARN_UNINITIALIZED_AUTOS = YES_AGGRESSIVE;
				GCC_WARN_UNUSED_FUNCTION = YES;
				GCC_WARN_UNUSED_VARIABLE = YES;
				IPHONEOS_DEPLOYMENT_TARGET = 7.1;
				ONLY_ACTIVE_ARCH = YES;
				SDKROOT = iphoneos;
			};
			name = Debug;
		};
		27DD9537195EA2C100D65580 /* Release */ = {
			isa = XCBuildConfiguration;
			buildSettings = {
				ALWAYS_SEARCH_USER_PATHS = NO;
				CLANG_CXX_LANGUAGE_STANDARD = "gnu++0x";
				CLANG_CXX_LIBRARY = "libc++";
				CLANG_ENABLE_MODULES = YES;
				CLANG_ENABLE_OBJC_ARC = YES;
				CLANG_WARN_BOOL_CONVERSION = YES;
				CLANG_WARN_CONSTANT_CONVERSION = YES;
				CLANG_WARN_DIRECT_OBJC_ISA_USAGE = YES_ERROR;
				CLANG_WARN_EMPTY_BODY = YES;
				CLANG_WARN_ENUM_CONVERSION = YES;
				CLANG_WARN_INT_CONVERSION = YES;
				CLANG_WARN_OBJC_ROOT_CLASS = YES_ERROR;
				CLANG_WARN__DUPLICATE_METHOD_MATCH = YES;
				"CODE_SIGN_IDENTITY[sdk=iphoneos*]" = "iPhone Developer";
				COPY_PHASE_STRIP = YES;
				ENABLE_NS_ASSERTIONS = NO;
				GCC_C_LANGUAGE_STANDARD = gnu99;
				GCC_WARN_64_TO_32_BIT_CONVERSION = YES;
				GCC_WARN_ABOUT_RETURN_TYPE = YES_ERROR;
				GCC_WARN_UNDECLARED_SELECTOR = YES;
				GCC_WARN_UNINITIALIZED_AUTOS = YES_AGGRESSIVE;
				GCC_WARN_UNUSED_FUNCTION = YES;
				GCC_WARN_UNUSED_VARIABLE = YES;
				IPHONEOS_DEPLOYMENT_TARGET = 7.1;
				SDKROOT = iphoneos;
				VALIDATE_PRODUCT = YES;
			};
			name = Release;
		};
		27DD9539195EA2C100D65580 /* Debug */ = {
			isa = XCBuildConfiguration;
			buildSettings = {
				ASSETCATALOG_COMPILER_APPICON_NAME = AppIcon;
				ASSETCATALOG_COMPILER_LAUNCHIMAGE_NAME = LaunchImage;
				GCC_PRECOMPILE_PREFIX_HEADER = YES;
				GCC_PREFIX_HEADER = "moloso/moloso-Prefix.pch";
				INFOPLIST_FILE = "moloso/moloso-Info.plist";
				PRODUCT_NAME = "$(TARGET_NAME)";
				WRAPPER_EXTENSION = app;
			};
			name = Debug;
		};
		27DD953A195EA2C100D65580 /* Release */ = {
			isa = XCBuildConfiguration;
			buildSettings = {
				ASSETCATALOG_COMPILER_APPICON_NAME = AppIcon;
				ASSETCATALOG_COMPILER_LAUNCHIMAGE_NAME = LaunchImage;
				GCC_PRECOMPILE_PREFIX_HEADER = YES;
				GCC_PREFIX_HEADER = "moloso/moloso-Prefix.pch";
				INFOPLIST_FILE = "moloso/moloso-Info.plist";
				PRODUCT_NAME = "$(TARGET_NAME)";
				WRAPPER_EXTENSION = app;
			};
			name = Release;
		};
		27DD953C195EA2C100D65580 /* Debug */ = {
			isa = XCBuildConfiguration;
			buildSettings = {
				BUNDLE_LOADER = "$(BUILT_PRODUCTS_DIR)/moloso.app/moloso";
				FRAMEWORK_SEARCH_PATHS = (
					"$(SDKROOT)/Developer/Library/Frameworks",
					"$(inherited)",
					"$(DEVELOPER_FRAMEWORKS_DIR)",
				);
				GCC_PRECOMPILE_PREFIX_HEADER = YES;
				GCC_PREFIX_HEADER = "moloso/moloso-Prefix.pch";
				GCC_PREPROCESSOR_DEFINITIONS = (
					"DEBUG=1",
					"$(inherited)",
				);
				INFOPLIST_FILE = "molosoTests/molosoTests-Info.plist";
				PRODUCT_NAME = "$(TARGET_NAME)";
				TEST_HOST = "$(BUNDLE_LOADER)";
				WRAPPER_EXTENSION = xctest;
			};
			name = Debug;
		};
		27DD953D195EA2C100D65580 /* Release */ = {
			isa = XCBuildConfiguration;
			buildSettings = {
				BUNDLE_LOADER = "$(BUILT_PRODUCTS_DIR)/moloso.app/moloso";
				FRAMEWORK_SEARCH_PATHS = (
					"$(SDKROOT)/Developer/Library/Frameworks",
					"$(inherited)",
					"$(DEVELOPER_FRAMEWORKS_DIR)",
				);
				GCC_PRECOMPILE_PREFIX_HEADER = YES;
				GCC_PREFIX_HEADER = "moloso/moloso-Prefix.pch";
				INFOPLIST_FILE = "molosoTests/molosoTests-Info.plist";
				PRODUCT_NAME = "$(TARGET_NAME)";
				TEST_HOST = "$(BUNDLE_LOADER)";
				WRAPPER_EXTENSION = xctest;
			};
			name = Release;
		};
/* End XCBuildConfiguration section */

/* Begin XCConfigurationList section */
		27DD9501195EA2C100D65580 /* Build configuration list for PBXProject "moloso" */ = {
			isa = XCConfigurationList;
			buildConfigurations = (
				27DD9536195EA2C100D65580 /* Debug */,
				27DD9537195EA2C100D65580 /* Release */,
			);
			defaultConfigurationIsVisible = 0;
			defaultConfigurationName = Release;
		};
		27DD9538195EA2C100D65580 /* Build configuration list for PBXNativeTarget "moloso" */ = {
			isa = XCConfigurationList;
			buildConfigurations = (
				27DD9539195EA2C100D65580 /* Debug */,
				27DD953A195EA2C100D65580 /* Release */,
			);
			defaultConfigurationIsVisible = 0;
		};
		27DD953B195EA2C100D65580 /* Build configuration list for PBXNativeTarget "molosoTests" */ = {
			isa = XCConfigurationList;
			buildConfigurations = (
				27DD953C195EA2C100D65580 /* Debug */,
				27DD953D195EA2C100D65580 /* Release */,
			);
			defaultConfigurationIsVisible = 0;
		};
/* End XCConfigurationList section */
	};
	rootObject = 27DD94FE195EA2C100D65580 /* Project object */;
}
