// !$*UTF8*$!
{
	archiveVersion = 1;
	classes = {
	};
	objectVersion = 46;
	objects = {

/* Begin PBXBuildFile section */
		27DD950A195EA2C100D65580 /* Foundation.framework in Frameworks */ = {isa = PBXBuildFile; fileRef = 27DD9509195EA2C100D65580 /* Foundation.framework */; };
		27DD950C195EA2C100D65580 /* CoreGraphics.framework in Frameworks */ = {isa = PBXBuildFile; fileRef = 27DD950B195EA2C100D65580 /* CoreGraphics.framework */; };
		27DD950E195EA2C100D65580 /* UIKit.framework in Frameworks */ = {isa = PBXBuildFile; fileRef = 27DD950D195EA2C100D65580 /* UIKit.framework */; };
		27DD9514195EA2C100D65580 /* InfoPlist.strings in Resources */ = {isa = PBXBuildFile; fileRef = 27DD9512195EA2C100D65580 /* InfoPlist.strings */; };
		27DD9516195EA2C100D65580 /* main.m in Sources */ = {isa = PBXBuildFile; fileRef = 27DD9515195EA2C100D65580 /* main.m */; };
		27DD951A195EA2C100D65580 /* AppDelegate.m in Sources */ = {isa = PBXBuildFile; fileRef = 27DD9519195EA2C100D65580 /* AppDelegate.m */; };
		27DD9522195EA2C100D65580 /* Images.xcassets in Resources */ = {isa = PBXBuildFile; fileRef = 27DD9521195EA2C100D65580 /* Images.xcassets */; };
		27DD9529195EA2C100D65580 /* XCTest.framework in Frameworks */ = {isa = PBXBuildFile; fileRef = 27DD9528195EA2C100D65580 /* XCTest.framework */; };
		27DD952A195EA2C100D65580 /* Foundation.framework in Frameworks */ = {isa = PBXBuildFile; fileRef = 27DD9509195EA2C100D65580 /* Foundation.framework */; };
		27DD952B195EA2C100D65580 /* UIKit.framework in Frameworks */ = {isa = PBXBuildFile; fileRef = 27DD950D195EA2C100D65580 /* UIKit.framework */; };
		27DD9533195EA2C100D65580 /* InfoPlist.strings in Resources */ = {isa = PBXBuildFile; fileRef = 27DD9531195EA2C100D65580 /* InfoPlist.strings */; };
		27DD9535195EA2C100D65580 /* molosoTests.m in Sources */ = {isa = PBXBuildFile; fileRef = 27DD9534195EA2C100D65580 /* molosoTests.m */; };
		27DD957D195EA49900D65580 /* SDWebImage.framework in Frameworks */ = {isa = PBXBuildFile; fileRef = 27DD953F195EA49900D65580 /* SDWebImage.framework */; };
		27DD958C195EA49900D65580 /* libMobClickLibrary.a in Frameworks */ = {isa = PBXBuildFile; fileRef = 27DD9560195EA49900D65580 /* libMobClickLibrary.a */; };
		27DD958D195EA49900D65580 /* UMSocialLocalizable.strings in Resources */ = {isa = PBXBuildFile; fileRef = 27DD9563195EA49900D65580 /* UMSocialLocalizable.strings */; };
		27DD958E195EA49900D65580 /* libUMSocial_Sdk_3.3.8.a in Frameworks */ = {isa = PBXBuildFile; fileRef = 27DD9571195EA49900D65580 /* libUMSocial_Sdk_3.3.8.a */; };
		27DD958F195EA49900D65580 /* UMSCommentDetailController.xib in Resources */ = {isa = PBXBuildFile; fileRef = 27DD9573195EA49900D65580 /* UMSCommentDetailController.xib */; };
		27DD9590195EA49900D65580 /* UMSCommentInputController.xib in Resources */ = {isa = PBXBuildFile; fileRef = 27DD9574195EA49900D65580 /* UMSCommentInputController.xib */; };
		27DD9591195EA49900D65580 /* UMSCommentInputControlleriPad.xib in Resources */ = {isa = PBXBuildFile; fileRef = 27DD9575195EA49900D65580 /* UMSCommentInputControlleriPad.xib */; };
		27DD9592195EA49900D65580 /* UMShareEditViewController.xib in Resources */ = {isa = PBXBuildFile; fileRef = 27DD9576195EA49900D65580 /* UMShareEditViewController.xib */; };
		27DD9593195EA49900D65580 /* UMShareEditViewControlleriPad.xib in Resources */ = {isa = PBXBuildFile; fileRef = 27DD9577195EA49900D65580 /* UMShareEditViewControlleriPad.xib */; };
		27DD9594195EA49900D65580 /* UMSLoginViewController.xib in Resources */ = {isa = PBXBuildFile; fileRef = 27DD9578195EA49900D65580 /* UMSLoginViewController.xib */; };
		27DD9595195EA49900D65580 /* UMSnsAccountViewController.xib in Resources */ = {isa = PBXBuildFile; fileRef = 27DD9579195EA49900D65580 /* UMSnsAccountViewController.xib */; };
		27DD9596195EA49900D65580 /* UMSShareListController.xib in Resources */ = {isa = PBXBuildFile; fileRef = 27DD957A195EA49900D65580 /* UMSShareListController.xib */; };
		27DD9597195EA49900D65580 /* UMSocialSDKResourcesNew.bundle in Resources */ = {isa = PBXBuildFile; fileRef = 27DD957B195EA49900D65580 /* UMSocialSDKResourcesNew.bundle */; };
		27DD95A0195EA51800D65580 /* CoreImage.framework in Frameworks */ = {isa = PBXBuildFile; fileRef = 27DD959E195EA51800D65580 /* CoreImage.framework */; };
		27DD95A1195EA51800D65580 /* ImageIO.framework in Frameworks */ = {isa = PBXBuildFile; fileRef = 27DD959F195EA51800D65580 /* ImageIO.framework */; };
		27DD95A3195EA51C00D65580 /* QuartzCore.framework in Frameworks */ = {isa = PBXBuildFile; fileRef = 27DD95A2195EA51C00D65580 /* QuartzCore.framework */; };
		27DD95A5195EA52600D65580 /* libz.dylib in Frameworks */ = {isa = PBXBuildFile; fileRef = 27DD95A4195EA52600D65580 /* libz.dylib */; };
		27DD95A7195EA53300D65580 /* libstdc++.dylib in Frameworks */ = {isa = PBXBuildFile; fileRef = 27DD95A6195EA53300D65580 /* libstdc++.dylib */; };
		27DD95A9195EA53C00D65580 /* libsqlite3.dylib in Frameworks */ = {isa = PBXBuildFile; fileRef = 27DD95A8195EA53C00D65580 /* libsqlite3.dylib */; };
		27DD95AB195EA54500D65580 /* libiconv.dylib in Frameworks */ = {isa = PBXBuildFile; fileRef = 27DD95AA195EA54500D65580 /* libiconv.dylib */; };
		27DD95AD195EA54D00D65580 /* CoreTelephony.framework in Frameworks */ = {isa = PBXBuildFile; fileRef = 27DD95AC195EA54D00D65580 /* CoreTelephony.framework */; };
		27DD95AF195EA55400D65580 /* SystemConfiguration.framework in Frameworks */ = {isa = PBXBuildFile; fileRef = 27DD95AE195EA55400D65580 /* SystemConfiguration.framework */; };
		27DD95B1195EA55B00D65580 /* Security.framework in Frameworks */ = {isa = PBXBuildFile; fileRef = 27DD95B0195EA55B00D65580 /* Security.framework */; };
		27DD95D0195EADD000D65580 /* AFHTTPRequestOperation.m in Sources */ = {isa = PBXBuildFile; fileRef = 27DD95BE195EADD000D65580 /* AFHTTPRequestOperation.m */; };
		27DD95D1195EADD000D65580 /* AFHTTPRequestOperationManager.m in Sources */ = {isa = PBXBuildFile; fileRef = 27DD95C0195EADD000D65580 /* AFHTTPRequestOperationManager.m */; };
		27DD95D2195EADD000D65580 /* AFHTTPSessionManager.m in Sources */ = {isa = PBXBuildFile; fileRef = 27DD95C2195EADD000D65580 /* AFHTTPSessionManager.m */; };
		27DD95D3195EADD000D65580 /* AFNetworkReachabilityManager.m in Sources */ = {isa = PBXBuildFile; fileRef = 27DD95C5195EADD000D65580 /* AFNetworkReachabilityManager.m */; };
		27DD95D4195EADD000D65580 /* AFSecurityPolicy.m in Sources */ = {isa = PBXBuildFile; fileRef = 27DD95C7195EADD000D65580 /* AFSecurityPolicy.m */; };
		27DD95D5195EADD000D65580 /* AFURLConnectionOperation.m in Sources */ = {isa = PBXBuildFile; fileRef = 27DD95C9195EADD000D65580 /* AFURLConnectionOperation.m */; };
		27DD95D6195EADD000D65580 /* AFURLRequestSerialization.m in Sources */ = {isa = PBXBuildFile; fileRef = 27DD95CB195EADD000D65580 /* AFURLRequestSerialization.m */; };
		27DD95D7195EADD000D65580 /* AFURLResponseSerialization.m in Sources */ = {isa = PBXBuildFile; fileRef = 27DD95CD195EADD000D65580 /* AFURLResponseSerialization.m */; };
		27DD95D8195EADD000D65580 /* AFURLSessionManager.m in Sources */ = {isa = PBXBuildFile; fileRef = 27DD95CF195EADD000D65580 /* AFURLSessionManager.m */; };
		27DD95DD195EADEC00D65580 /* SVProgressHUD.bundle in Resources */ = {isa = PBXBuildFile; fileRef = 27DD95DA195EADEC00D65580 /* SVProgressHUD.bundle */; };
		27DD95DE195EADEC00D65580 /* SVProgressHUD.m in Sources */ = {isa = PBXBuildFile; fileRef = 27DD95DC195EADEC00D65580 /* SVProgressHUD.m */; };
		27DD95E4195EAE4900D65580 /* CurrentUser.m in Sources */ = {isa = PBXBuildFile; fileRef = 27DD95E1195EAE4900D65580 /* CurrentUser.m */; };
		27DD95E5195EAE4900D65580 /* User.m in Sources */ = {isa = PBXBuildFile; fileRef = 27DD95E3195EAE4900D65580 /* User.m */; };
		27DD95EF195EB1CD00D65580 /* PSActionSheet.m in Sources */ = {isa = PBXBuildFile; fileRef = 27DD95EA195EB1CD00D65580 /* PSActionSheet.m */; };
		27DD95F0195EB1CD00D65580 /* PSAlertView.m in Sources */ = {isa = PBXBuildFile; fileRef = 27DD95EC195EB1CD00D65580 /* PSAlertView.m */; };
		27DD95F1195EB1CD00D65580 /* UIImage+Color.m in Sources */ = {isa = PBXBuildFile; fileRef = 27DD95EE195EB1CD00D65580 /* UIImage+Color.m */; };
		27DD95F8195EB2B600D65580 /* GuideViewController.m in Sources */ = {isa = PBXBuildFile; fileRef = 27DD95F5195EB2B600D65580 /* GuideViewController.m */; };
		27DD95F9195EB2B600D65580 /* GuideViewController.xib in Resources */ = {isa = PBXBuildFile; fileRef = 27DD95F6195EB2B600D65580 /* GuideViewController.xib */; };
		27DD95FE195EB4D900D65580 /* PairViewController.m in Sources */ = {isa = PBXBuildFile; fileRef = 27DD95FC195EB4D900D65580 /* PairViewController.m */; };
		27DD95FF195EB4D900D65580 /* PairViewController.xib in Resources */ = {isa = PBXBuildFile; fileRef = 27DD95FD195EB4D900D65580 /* PairViewController.xib */; };
		27DD9603195EB5EE00D65580 /* APIClient.m in Sources */ = {isa = PBXBuildFile; fileRef = 27DD9602195EB5EE00D65580 /* APIClient.m */; };
		27DD9606195ED5F200D65580 /* Coupon.m in Sources */ = {isa = PBXBuildFile; fileRef = 27DD9605195ED5F200D65580 /* Coupon.m */; };
		27DD9609195EE0E800D65580 /* NSString+MD5.m in Sources */ = {isa = PBXBuildFile; fileRef = 27DD9608195EE0E800D65580 /* NSString+MD5.m */; };
		27DD9686195EE7AA00D65580 /* QRCodeGenerator.m in Sources */ = {isa = PBXBuildFile; fileRef = 27DD960D195EE7A900D65580 /* QRCodeGenerator.m */; };
		27DD9687195EE7AA00D65580 /* bitstream.c in Sources */ = {isa = PBXBuildFile; fileRef = 27DD960F195EE7A900D65580 /* bitstream.c */; };
		27DD9688195EE7AA00D65580 /* mask.c in Sources */ = {isa = PBXBuildFile; fileRef = 27DD9611195EE7A900D65580 /* mask.c */; };
		27DD9689195EE7AA00D65580 /* qrencode.c in Sources */ = {isa = PBXBuildFile; fileRef = 27DD9613195EE7A900D65580 /* qrencode.c */; };
		27DD968A195EE7AA00D65580 /* qrinput.c in Sources */ = {isa = PBXBuildFile; fileRef = 27DD9615195EE7A900D65580 /* qrinput.c */; };
		27DD968B195EE7AA00D65580 /* qrspec.c in Sources */ = {isa = PBXBuildFile; fileRef = 27DD9617195EE7A900D65580 /* qrspec.c */; };
		27DD968C195EE7AA00D65580 /* rscode.c in Sources */ = {isa = PBXBuildFile; fileRef = 27DD9619195EE7A900D65580 /* rscode.c */; };
		27DD968D195EE7AA00D65580 /* split.c in Sources */ = {isa = PBXBuildFile; fileRef = 27DD961B195EE7A900D65580 /* split.c */; };
		27DD96DC195EEB5C00D65580 /* AVFoundation.framework in Frameworks */ = {isa = PBXBuildFile; fileRef = 27DD96DB195EEB5C00D65580 /* AVFoundation.framework */; };
		27DD96DE195EEB6600D65580 /* CoreMedia.framework in Frameworks */ = {isa = PBXBuildFile; fileRef = 27DD96DD195EEB6600D65580 /* CoreMedia.framework */; };
		27DD96E0195EEB6F00D65580 /* CoreVideo.framework in Frameworks */ = {isa = PBXBuildFile; fileRef = 27DD96DF195EEB6F00D65580 /* CoreVideo.framework */; };
		27DD96E5195EEF7800D65580 /* QRCodeViewController.m in Sources */ = {isa = PBXBuildFile; fileRef = 27DD96E3195EEF7800D65580 /* QRCodeViewController.m */; };
		27DD96E6195EEF7800D65580 /* QRCodeViewController.xib in Resources */ = {isa = PBXBuildFile; fileRef = 27DD96E4195EEF7800D65580 /* QRCodeViewController.xib */; };
		27DD96EA195EEF8800D65580 /* ScanViewController.m in Sources */ = {isa = PBXBuildFile; fileRef = 27DD96E8195EEF8800D65580 /* ScanViewController.m */; };
		27DD96EB195EEF8800D65580 /* ScanViewController.xib in Resources */ = {isa = PBXBuildFile; fileRef = 27DD96E9195EEF8800D65580 /* ScanViewController.xib */; };
		27DD96EE195EFDCC00D65580 /* Dating.m in Sources */ = {isa = PBXBuildFile; fileRef = 27DD96ED195EFDCC00D65580 /* Dating.m */; };
		27DD96F2195F0DF200D65580 /* WebViewController.m in Sources */ = {isa = PBXBuildFile; fileRef = 27DD96F1195F0DF200D65580 /* WebViewController.m */; };
		27DD9703195F216F00D65580 /* FBShimmeringLayer.m in Sources */ = {isa = PBXBuildFile; fileRef = 27DD9700195F216F00D65580 /* FBShimmeringLayer.m */; };
		27DD9704195F216F00D65580 /* FBShimmeringView.m in Sources */ = {isa = PBXBuildFile; fileRef = 27DD9702195F216F00D65580 /* FBShimmeringView.m */; };
		27E603C0195F781000DC4C36 /* SessionsViewController.m in Sources */ = {isa = PBXBuildFile; fileRef = 27E603BE195F781000DC4C36 /* SessionsViewController.m */; };
		27E603C1195F781000DC4C36 /* SessionsViewController.xib in Resources */ = {isa = PBXBuildFile; fileRef = 27E603BF195F781000DC4C36 /* SessionsViewController.xib */; };
/* End PBXBuildFile section */

/* Begin PBXContainerItemProxy section */
		27DD952C195EA2C100D65580 /* PBXContainerItemProxy */ = {
			isa = PBXContainerItemProxy;
			containerPortal = 27DD94FE195EA2C100D65580 /* Project object */;
			proxyType = 1;
			remoteGlobalIDString = 27DD9505195EA2C100D65580;
			remoteInfo = moloso;
		};
/* End PBXContainerItemProxy section */

/* Begin PBXFileReference section */
		27DD9506195EA2C100D65580 /* moloso.app */ = {isa = PBXFileReference; explicitFileType = wrapper.application; includeInIndex = 0; path = moloso.app; sourceTree = BUILT_PRODUCTS_DIR; };
		27DD9509195EA2C100D65580 /* Foundation.framework */ = {isa = PBXFileReference; lastKnownFileType = wrapper.framework; name = Foundation.framework; path = System/Library/Frameworks/Foundation.framework; sourceTree = SDKROOT; };
		27DD950B195EA2C100D65580 /* CoreGraphics.framework */ = {isa = PBXFileReference; lastKnownFileType = wrapper.framework; name = CoreGraphics.framework; path = System/Library/Frameworks/CoreGraphics.framework; sourceTree = SDKROOT; };
		27DD950D195EA2C100D65580 /* UIKit.framework */ = {isa = PBXFileReference; lastKnownFileType = wrapper.framework; name = UIKit.framework; path = System/Library/Frameworks/UIKit.framework; sourceTree = SDKROOT; };
		27DD9511195EA2C100D65580 /* moloso-Info.plist */ = {isa = PBXFileReference; lastKnownFileType = text.plist.xml; path = "moloso-Info.plist"; sourceTree = "<group>"; };
		27DD9513195EA2C100D65580 /* en */ = {isa = PBXFileReference; lastKnownFileType = text.plist.strings; name = en; path = en.lproj/InfoPlist.strings; sourceTree = "<group>"; };
		27DD9515195EA2C100D65580 /* main.m */ = {isa = PBXFileReference; lastKnownFileType = sourcecode.c.objc; path = main.m; sourceTree = "<group>"; };
		27DD9517195EA2C100D65580 /* moloso-Prefix.pch */ = {isa = PBXFileReference; lastKnownFileType = sourcecode.c.h; path = "moloso-Prefix.pch"; sourceTree = "<group>"; };
		27DD9518195EA2C100D65580 /* AppDelegate.h */ = {isa = PBXFileReference; lastKnownFileType = sourcecode.c.h; path = AppDelegate.h; sourceTree = "<group>"; };
		27DD9519195EA2C100D65580 /* AppDelegate.m */ = {isa = PBXFileReference; lastKnownFileType = sourcecode.c.objc; path = AppDelegate.m; sourceTree = "<group>"; };
		27DD9521195EA2C100D65580 /* Images.xcassets */ = {isa = PBXFileReference; lastKnownFileType = folder.assetcatalog; path = Images.xcassets; sourceTree = "<group>"; };
		27DD9527195EA2C100D65580 /* molosoTests.xctest */ = {isa = PBXFileReference; explicitFileType = wrapper.cfbundle; includeInIndex = 0; path = molosoTests.xctest; sourceTree = BUILT_PRODUCTS_DIR; };
		27DD9528195EA2C100D65580 /* XCTest.framework */ = {isa = PBXFileReference; lastKnownFileType = wrapper.framework; name = XCTest.framework; path = Library/Frameworks/XCTest.framework; sourceTree = DEVELOPER_DIR; };
		27DD9530195EA2C100D65580 /* molosoTests-Info.plist */ = {isa = PBXFileReference; lastKnownFileType = text.plist.xml; path = "molosoTests-Info.plist"; sourceTree = "<group>"; };
		27DD9532195EA2C100D65580 /* en */ = {isa = PBXFileReference; lastKnownFileType = text.plist.strings; name = en; path = en.lproj/InfoPlist.strings; sourceTree = "<group>"; };
		27DD9534195EA2C100D65580 /* molosoTests.m */ = {isa = PBXFileReference; lastKnownFileType = sourcecode.c.objc; path = molosoTests.m; sourceTree = "<group>"; };
		27DD953F195EA49900D65580 /* SDWebImage.framework */ = {isa = PBXFileReference; lastKnownFileType = wrapper.framework; name = SDWebImage.framework; path = denpendencies/SDWebImage.framework; sourceTree = "<group>"; };
		27DD9560195EA49900D65580 /* libMobClickLibrary.a */ = {isa = PBXFileReference; lastKnownFileType = archive.ar; path = libMobClickLibrary.a; sourceTree = "<group>"; };
		27DD9561195EA49900D65580 /* MobClick.h */ = {isa = PBXFileReference; fileEncoding = 4; lastKnownFileType = sourcecode.c.h; path = MobClick.h; sourceTree = "<group>"; };
		27DD9564195EA49900D65580 /* en */ = {isa = PBXFileReference; lastKnownFileType = text.plist.strings; name = en; path = en.lproj/UMSocialLocalizable.strings; sourceTree = "<group>"; };
		27DD9566195EA49900D65580 /* UMSocial.h */ = {isa = PBXFileReference; fileEncoding = 4; lastKnownFileType = sourcecode.c.h; path = UMSocial.h; sourceTree = "<group>"; };
		27DD9567195EA49900D65580 /* UMSocialAccountManager.h */ = {isa = PBXFileReference; fileEncoding = 4; lastKnownFileType = sourcecode.c.h; path = UMSocialAccountManager.h; sourceTree = "<group>"; };
		27DD9568195EA49900D65580 /* UMSocialBar.h */ = {isa = PBXFileReference; fileEncoding = 4; lastKnownFileType = sourcecode.c.h; path = UMSocialBar.h; sourceTree = "<group>"; };
		27DD9569195EA49900D65580 /* UMSocialConfig.h */ = {isa = PBXFileReference; fileEncoding = 4; lastKnownFileType = sourcecode.c.h; path = UMSocialConfig.h; sourceTree = "<group>"; };
		27DD956A195EA49900D65580 /* UMSocialControllerService.h */ = {isa = PBXFileReference; fileEncoding = 4; lastKnownFileType = sourcecode.c.h; path = UMSocialControllerService.h; sourceTree = "<group>"; };
		27DD956B195EA49900D65580 /* UMSocialControllerServiceComment.h */ = {isa = PBXFileReference; fileEncoding = 4; lastKnownFileType = sourcecode.c.h; path = UMSocialControllerServiceComment.h; sourceTree = "<group>"; };
		27DD956C195EA49900D65580 /* UMSocialData.h */ = {isa = PBXFileReference; fileEncoding = 4; lastKnownFileType = sourcecode.c.h; path = UMSocialData.h; sourceTree = "<group>"; };
		27DD956D195EA49900D65580 /* UMSocialDataService.h */ = {isa = PBXFileReference; fileEncoding = 4; lastKnownFileType = sourcecode.c.h; path = UMSocialDataService.h; sourceTree = "<group>"; };
		27DD956E195EA49900D65580 /* UMSocialSnsData.h */ = {isa = PBXFileReference; fileEncoding = 4; lastKnownFileType = sourcecode.c.h; path = UMSocialSnsData.h; sourceTree = "<group>"; };
		27DD956F195EA49900D65580 /* UMSocialSnsPlatformManager.h */ = {isa = PBXFileReference; fileEncoding = 4; lastKnownFileType = sourcecode.c.h; path = UMSocialSnsPlatformManager.h; sourceTree = "<group>"; };
		27DD9570195EA49900D65580 /* UMSocialSnsService.h */ = {isa = PBXFileReference; fileEncoding = 4; lastKnownFileType = sourcecode.c.h; path = UMSocialSnsService.h; sourceTree = "<group>"; };
		27DD9571195EA49900D65580 /* libUMSocial_Sdk_3.3.8.a */ = {isa = PBXFileReference; lastKnownFileType = archive.ar; path = libUMSocial_Sdk_3.3.8.a; sourceTree = "<group>"; };
		27DD9573195EA49900D65580 /* UMSCommentDetailController.xib */ = {isa = PBXFileReference; fileEncoding = 4; lastKnownFileType = file.xib; path = UMSCommentDetailController.xib; sourceTree = "<group>"; };
		27DD9574195EA49900D65580 /* UMSCommentInputController.xib */ = {isa = PBXFileReference; fileEncoding = 4; lastKnownFileType = file.xib; path = UMSCommentInputController.xib; sourceTree = "<group>"; };
		27DD9575195EA49900D65580 /* UMSCommentInputControlleriPad.xib */ = {isa = PBXFileReference; fileEncoding = 4; lastKnownFileType = file.xib; path = UMSCommentInputControlleriPad.xib; sourceTree = "<group>"; };
		27DD9576195EA49900D65580 /* UMShareEditViewController.xib */ = {isa = PBXFileReference; fileEncoding = 4; lastKnownFileType = file.xib; path = UMShareEditViewController.xib; sourceTree = "<group>"; };
		27DD9577195EA49900D65580 /* UMShareEditViewControlleriPad.xib */ = {isa = PBXFileReference; fileEncoding = 4; lastKnownFileType = file.xib; path = UMShareEditViewControlleriPad.xib; sourceTree = "<group>"; };
		27DD9578195EA49900D65580 /* UMSLoginViewController.xib */ = {isa = PBXFileReference; fileEncoding = 4; lastKnownFileType = file.xib; path = UMSLoginViewController.xib; sourceTree = "<group>"; };
		27DD9579195EA49900D65580 /* UMSnsAccountViewController.xib */ = {isa = PBXFileReference; fileEncoding = 4; lastKnownFileType = file.xib; path = UMSnsAccountViewController.xib; sourceTree = "<group>"; };
		27DD957A195EA49900D65580 /* UMSShareListController.xib */ = {isa = PBXFileReference; fileEncoding = 4; lastKnownFileType = file.xib; path = UMSShareListController.xib; sourceTree = "<group>"; };
		27DD957B195EA49900D65580 /* UMSocialSDKResourcesNew.bundle */ = {isa = PBXFileReference; lastKnownFileType = "wrapper.plug-in"; path = UMSocialSDKResourcesNew.bundle; sourceTree = "<group>"; };
		27DD957C195EA49900D65580 /* zh-Hans */ = {isa = PBXFileReference; lastKnownFileType = text.plist.strings; name = "zh-Hans"; path = "zh-Hans.lproj/UMSocialLocalizable.strings"; sourceTree = "<group>"; };
		27DD959E195EA51800D65580 /* CoreImage.framework */ = {isa = PBXFileReference; lastKnownFileType = wrapper.framework; name = CoreImage.framework; path = System/Library/Frameworks/CoreImage.framework; sourceTree = SDKROOT; };
		27DD959F195EA51800D65580 /* ImageIO.framework */ = {isa = PBXFileReference; lastKnownFileType = wrapper.framework; name = ImageIO.framework; path = System/Library/Frameworks/ImageIO.framework; sourceTree = SDKROOT; };
		27DD95A2195EA51C00D65580 /* QuartzCore.framework */ = {isa = PBXFileReference; lastKnownFileType = wrapper.framework; name = QuartzCore.framework; path = System/Library/Frameworks/QuartzCore.framework; sourceTree = SDKROOT; };
		27DD95A4195EA52600D65580 /* libz.dylib */ = {isa = PBXFileReference; lastKnownFileType = "compiled.mach-o.dylib"; name = libz.dylib; path = usr/lib/libz.dylib; sourceTree = SDKROOT; };
		27DD95A6195EA53300D65580 /* libstdc++.dylib */ = {isa = PBXFileReference; lastKnownFileType = "compiled.mach-o.dylib"; name = "libstdc++.dylib"; path = "usr/lib/libstdc++.dylib"; sourceTree = SDKROOT; };
		27DD95A8195EA53C00D65580 /* libsqlite3.dylib */ = {isa = PBXFileReference; lastKnownFileType = "compiled.mach-o.dylib"; name = libsqlite3.dylib; path = usr/lib/libsqlite3.dylib; sourceTree = SDKROOT; };
		27DD95AA195EA54500D65580 /* libiconv.dylib */ = {isa = PBXFileReference; lastKnownFileType = "compiled.mach-o.dylib"; name = libiconv.dylib; path = usr/lib/libiconv.dylib; sourceTree = SDKROOT; };
		27DD95AC195EA54D00D65580 /* CoreTelephony.framework */ = {isa = PBXFileReference; lastKnownFileType = wrapper.framework; name = CoreTelephony.framework; path = System/Library/Frameworks/CoreTelephony.framework; sourceTree = SDKROOT; };
		27DD95AE195EA55400D65580 /* SystemConfiguration.framework */ = {isa = PBXFileReference; lastKnownFileType = wrapper.framework; name = SystemConfiguration.framework; path = System/Library/Frameworks/SystemConfiguration.framework; sourceTree = SDKROOT; };
		27DD95B0195EA55B00D65580 /* Security.framework */ = {isa = PBXFileReference; lastKnownFileType = wrapper.framework; name = Security.framework; path = System/Library/Frameworks/Security.framework; sourceTree = SDKROOT; };
		27DD95BD195EADD000D65580 /* AFHTTPRequestOperation.h */ = {isa = PBXFileReference; fileEncoding = 4; lastKnownFileType = sourcecode.c.h; path = AFHTTPRequestOperation.h; sourceTree = "<group>"; };
		27DD95BE195EADD000D65580 /* AFHTTPRequestOperation.m */ = {isa = PBXFileReference; fileEncoding = 4; lastKnownFileType = sourcecode.c.objc; path = AFHTTPRequestOperation.m; sourceTree = "<group>"; };
		27DD95BF195EADD000D65580 /* AFHTTPRequestOperationManager.h */ = {isa = PBXFileReference; fileEncoding = 4; lastKnownFileType = sourcecode.c.h; path = AFHTTPRequestOperationManager.h; sourceTree = "<group>"; };
		27DD95C0195EADD000D65580 /* AFHTTPRequestOperationManager.m */ = {isa = PBXFileReference; fileEncoding = 4; lastKnownFileType = sourcecode.c.objc; path = AFHTTPRequestOperationManager.m; sourceTree = "<group>"; };
		27DD95C1195EADD000D65580 /* AFHTTPSessionManager.h */ = {isa = PBXFileReference; fileEncoding = 4; lastKnownFileType = sourcecode.c.h; path = AFHTTPSessionManager.h; sourceTree = "<group>"; };
		27DD95C2195EADD000D65580 /* AFHTTPSessionManager.m */ = {isa = PBXFileReference; fileEncoding = 4; lastKnownFileType = sourcecode.c.objc; path = AFHTTPSessionManager.m; sourceTree = "<group>"; };
		27DD95C3195EADD000D65580 /* AFNetworking.h */ = {isa = PBXFileReference; fileEncoding = 4; lastKnownFileType = sourcecode.c.h; path = AFNetworking.h; sourceTree = "<group>"; };
		27DD95C4195EADD000D65580 /* AFNetworkReachabilityManager.h */ = {isa = PBXFileReference; fileEncoding = 4; lastKnownFileType = sourcecode.c.h; path = AFNetworkReachabilityManager.h; sourceTree = "<group>"; };
		27DD95C5195EADD000D65580 /* AFNetworkReachabilityManager.m */ = {isa = PBXFileReference; fileEncoding = 4; lastKnownFileType = sourcecode.c.objc; path = AFNetworkReachabilityManager.m; sourceTree = "<group>"; };
		27DD95C6195EADD000D65580 /* AFSecurityPolicy.h */ = {isa = PBXFileReference; fileEncoding = 4; lastKnownFileType = sourcecode.c.h; path = AFSecurityPolicy.h; sourceTree = "<group>"; };
		27DD95C7195EADD000D65580 /* AFSecurityPolicy.m */ = {isa = PBXFileReference; fileEncoding = 4; lastKnownFileType = sourcecode.c.objc; path = AFSecurityPolicy.m; sourceTree = "<group>"; };
		27DD95C8195EADD000D65580 /* AFURLConnectionOperation.h */ = {isa = PBXFileReference; fileEncoding = 4; lastKnownFileType = sourcecode.c.h; path = AFURLConnectionOperation.h; sourceTree = "<group>"; };
		27DD95C9195EADD000D65580 /* AFURLConnectionOperation.m */ = {isa = PBXFileReference; fileEncoding = 4; lastKnownFileType = sourcecode.c.objc; path = AFURLConnectionOperation.m; sourceTree = "<group>"; };
		27DD95CA195EADD000D65580 /* AFURLRequestSerialization.h */ = {isa = PBXFileReference; fileEncoding = 4; lastKnownFileType = sourcecode.c.h; path = AFURLRequestSerialization.h; sourceTree = "<group>"; };
		27DD95CB195EADD000D65580 /* AFURLRequestSerialization.m */ = {isa = PBXFileReference; fileEncoding = 4; lastKnownFileType = sourcecode.c.objc; path = AFURLRequestSerialization.m; sourceTree = "<group>"; };
		27DD95CC195EADD000D65580 /* AFURLResponseSerialization.h */ = {isa = PBXFileReference; fileEncoding = 4; lastKnownFileType = sourcecode.c.h; path = AFURLResponseSerialization.h; sourceTree = "<group>"; };
		27DD95CD195EADD000D65580 /* AFURLResponseSerialization.m */ = {isa = PBXFileReference; fileEncoding = 4; lastKnownFileType = sourcecode.c.objc; path = AFURLResponseSerialization.m; sourceTree = "<group>"; };
		27DD95CE195EADD000D65580 /* AFURLSessionManager.h */ = {isa = PBXFileReference; fileEncoding = 4; lastKnownFileType = sourcecode.c.h; path = AFURLSessionManager.h; sourceTree = "<group>"; };
		27DD95CF195EADD000D65580 /* AFURLSessionManager.m */ = {isa = PBXFileReference; fileEncoding = 4; lastKnownFileType = sourcecode.c.objc; path = AFURLSessionManager.m; sourceTree = "<group>"; };
		27DD95DA195EADEC00D65580 /* SVProgressHUD.bundle */ = {isa = PBXFileReference; lastKnownFileType = "wrapper.plug-in"; name = SVProgressHUD.bundle; path = denpendencies/SVProgressHUD/SVProgressHUD/SVProgressHUD.bundle; sourceTree = "<group>"; };
		27DD95DB195EADEC00D65580 /* SVProgressHUD.h */ = {isa = PBXFileReference; fileEncoding = 4; lastKnownFileType = sourcecode.c.h; name = SVProgressHUD.h; path = denpendencies/SVProgressHUD/SVProgressHUD/SVProgressHUD.h; sourceTree = "<group>"; };
		27DD95DC195EADEC00D65580 /* SVProgressHUD.m */ = {isa = PBXFileReference; fileEncoding = 4; lastKnownFileType = sourcecode.c.objc; name = SVProgressHUD.m; path = denpendencies/SVProgressHUD/SVProgressHUD/SVProgressHUD.m; sourceTree = "<group>"; };
		27DD95E0195EAE4900D65580 /* CurrentUser.h */ = {isa = PBXFileReference; fileEncoding = 4; lastKnownFileType = sourcecode.c.h; path = CurrentUser.h; sourceTree = "<group>"; };
		27DD95E1195EAE4900D65580 /* CurrentUser.m */ = {isa = PBXFileReference; fileEncoding = 4; lastKnownFileType = sourcecode.c.objc; path = CurrentUser.m; sourceTree = "<group>"; };
		27DD95E2195EAE4900D65580 /* User.h */ = {isa = PBXFileReference; fileEncoding = 4; lastKnownFileType = sourcecode.c.h; path = User.h; sourceTree = "<group>"; };
		27DD95E3195EAE4900D65580 /* User.m */ = {isa = PBXFileReference; fileEncoding = 4; lastKnownFileType = sourcecode.c.objc; path = User.m; sourceTree = "<group>"; };
		27DD95E7195EB1CD00D65580 /* GlobalDefines.h */ = {isa = PBXFileReference; fileEncoding = 4; lastKnownFileType = sourcecode.c.h; path = GlobalDefines.h; sourceTree = "<group>"; };
		27DD95E9195EB1CD00D65580 /* PSActionSheet.h */ = {isa = PBXFileReference; fileEncoding = 4; lastKnownFileType = sourcecode.c.h; path = PSActionSheet.h; sourceTree = "<group>"; };
		27DD95EA195EB1CD00D65580 /* PSActionSheet.m */ = {isa = PBXFileReference; fileEncoding = 4; lastKnownFileType = sourcecode.c.objc; path = PSActionSheet.m; sourceTree = "<group>"; };
		27DD95EB195EB1CD00D65580 /* PSAlertView.h */ = {isa = PBXFileReference; fileEncoding = 4; lastKnownFileType = sourcecode.c.h; path = PSAlertView.h; sourceTree = "<group>"; };
		27DD95EC195EB1CD00D65580 /* PSAlertView.m */ = {isa = PBXFileReference; fileEncoding = 4; lastKnownFileType = sourcecode.c.objc; path = PSAlertView.m; sourceTree = "<group>"; };
		27DD95ED195EB1CD00D65580 /* UIImage+Color.h */ = {isa = PBXFileReference; fileEncoding = 4; lastKnownFileType = sourcecode.c.h; path = "UIImage+Color.h"; sourceTree = "<group>"; };
		27DD95EE195EB1CD00D65580 /* UIImage+Color.m */ = {isa = PBXFileReference; fileEncoding = 4; lastKnownFileType = sourcecode.c.objc; path = "UIImage+Color.m"; sourceTree = "<group>"; };
		27DD95F4195EB2B600D65580 /* GuideViewController.h */ = {isa = PBXFileReference; fileEncoding = 4; lastKnownFileType = sourcecode.c.h; path = GuideViewController.h; sourceTree = "<group>"; };
		27DD95F5195EB2B600D65580 /* GuideViewController.m */ = {isa = PBXFileReference; fileEncoding = 4; lastKnownFileType = sourcecode.c.objc; path = GuideViewController.m; sourceTree = "<group>"; };
		27DD95F6195EB2B600D65580 /* GuideViewController.xib */ = {isa = PBXFileReference; fileEncoding = 4; lastKnownFileType = file.xib; path = GuideViewController.xib; sourceTree = "<group>"; };
		27DD95F7195EB2B600D65580 /* LoginDelegate.h */ = {isa = PBXFileReference; fileEncoding = 4; lastKnownFileType = sourcecode.c.h; path = LoginDelegate.h; sourceTree = "<group>"; };
		27DD95FB195EB4D900D65580 /* PairViewController.h */ = {isa = PBXFileReference; fileEncoding = 4; lastKnownFileType = sourcecode.c.h; path = PairViewController.h; sourceTree = "<group>"; };
		27DD95FC195EB4D900D65580 /* PairViewController.m */ = {isa = PBXFileReference; fileEncoding = 4; lastKnownFileType = sourcecode.c.objc; path = PairViewController.m; sourceTree = "<group>"; };
		27DD95FD195EB4D900D65580 /* PairViewController.xib */ = {isa = PBXFileReference; fileEncoding = 4; lastKnownFileType = file.xib; path = PairViewController.xib; sourceTree = "<group>"; };
		27DD9601195EB5EE00D65580 /* APIClient.h */ = {isa = PBXFileReference; fileEncoding = 4; lastKnownFileType = sourcecode.c.h; path = APIClient.h; sourceTree = "<group>"; };
		27DD9602195EB5EE00D65580 /* APIClient.m */ = {isa = PBXFileReference; fileEncoding = 4; lastKnownFileType = sourcecode.c.objc; path = APIClient.m; sourceTree = "<group>"; };
		27DD9604195ED5F200D65580 /* Coupon.h */ = {isa = PBXFileReference; fileEncoding = 4; lastKnownFileType = sourcecode.c.h; path = Coupon.h; sourceTree = "<group>"; };
		27DD9605195ED5F200D65580 /* Coupon.m */ = {isa = PBXFileReference; fileEncoding = 4; lastKnownFileType = sourcecode.c.objc; path = Coupon.m; sourceTree = "<group>"; };
		27DD9607195EE0E800D65580 /* NSString+MD5.h */ = {isa = PBXFileReference; fileEncoding = 4; lastKnownFileType = sourcecode.c.h; path = "NSString+MD5.h"; sourceTree = "<group>"; };
		27DD9608195EE0E800D65580 /* NSString+MD5.m */ = {isa = PBXFileReference; fileEncoding = 4; lastKnownFileType = sourcecode.c.objc; path = "NSString+MD5.m"; sourceTree = "<group>"; };
		27DD960C195EE7A900D65580 /* QRCodeGenerator.h */ = {isa = PBXFileReference; fileEncoding = 4; lastKnownFileType = sourcecode.c.h; path = QRCodeGenerator.h; sourceTree = "<group>"; };
		27DD960D195EE7A900D65580 /* QRCodeGenerator.m */ = {isa = PBXFileReference; fileEncoding = 4; lastKnownFileType = sourcecode.c.objc; path = QRCodeGenerator.m; sourceTree = "<group>"; };
		27DD960F195EE7A900D65580 /* bitstream.c */ = {isa = PBXFileReference; fileEncoding = 4; lastKnownFileType = sourcecode.c.c; path = bitstream.c; sourceTree = "<group>"; };
		27DD9610195EE7A900D65580 /* bitstream.h */ = {isa = PBXFileReference; fileEncoding = 4; lastKnownFileType = sourcecode.c.h; path = bitstream.h; sourceTree = "<group>"; };
		27DD9611195EE7A900D65580 /* mask.c */ = {isa = PBXFileReference; fileEncoding = 4; lastKnownFileType = sourcecode.c.c; path = mask.c; sourceTree = "<group>"; };
		27DD9612195EE7A900D65580 /* mask.h */ = {isa = PBXFileReference; fileEncoding = 4; lastKnownFileType = sourcecode.c.h; path = mask.h; sourceTree = "<group>"; };
		27DD9613195EE7A900D65580 /* qrencode.c */ = {isa = PBXFileReference; fileEncoding = 4; lastKnownFileType = sourcecode.c.c; path = qrencode.c; sourceTree = "<group>"; };
		27DD9614195EE7A900D65580 /* qrencode.h */ = {isa = PBXFileReference; fileEncoding = 4; lastKnownFileType = sourcecode.c.h; path = qrencode.h; sourceTree = "<group>"; };
		27DD9615195EE7A900D65580 /* qrinput.c */ = {isa = PBXFileReference; fileEncoding = 4; lastKnownFileType = sourcecode.c.c; path = qrinput.c; sourceTree = "<group>"; };
		27DD9616195EE7A900D65580 /* qrinput.h */ = {isa = PBXFileReference; fileEncoding = 4; lastKnownFileType = sourcecode.c.h; path = qrinput.h; sourceTree = "<group>"; };
		27DD9617195EE7A900D65580 /* qrspec.c */ = {isa = PBXFileReference; fileEncoding = 4; lastKnownFileType = sourcecode.c.c; path = qrspec.c; sourceTree = "<group>"; };
		27DD9618195EE7A900D65580 /* qrspec.h */ = {isa = PBXFileReference; fileEncoding = 4; lastKnownFileType = sourcecode.c.h; path = qrspec.h; sourceTree = "<group>"; };
		27DD9619195EE7A900D65580 /* rscode.c */ = {isa = PBXFileReference; fileEncoding = 4; lastKnownFileType = sourcecode.c.c; path = rscode.c; sourceTree = "<group>"; };
		27DD961A195EE7A900D65580 /* rscode.h */ = {isa = PBXFileReference; fileEncoding = 4; lastKnownFileType = sourcecode.c.h; path = rscode.h; sourceTree = "<group>"; };
		27DD961B195EE7A900D65580 /* split.c */ = {isa = PBXFileReference; fileEncoding = 4; lastKnownFileType = sourcecode.c.c; path = split.c; sourceTree = "<group>"; };
		27DD961C195EE7A900D65580 /* split.h */ = {isa = PBXFileReference; fileEncoding = 4; lastKnownFileType = sourcecode.c.h; path = split.h; sourceTree = "<group>"; };
		27DD96DB195EEB5C00D65580 /* AVFoundation.framework */ = {isa = PBXFileReference; lastKnownFileType = wrapper.framework; name = AVFoundation.framework; path = System/Library/Frameworks/AVFoundation.framework; sourceTree = SDKROOT; };
		27DD96DD195EEB6600D65580 /* CoreMedia.framework */ = {isa = PBXFileReference; lastKnownFileType = wrapper.framework; name = CoreMedia.framework; path = System/Library/Frameworks/CoreMedia.framework; sourceTree = SDKROOT; };
		27DD96DF195EEB6F00D65580 /* CoreVideo.framework */ = {isa = PBXFileReference; lastKnownFileType = wrapper.framework; name = CoreVideo.framework; path = System/Library/Frameworks/CoreVideo.framework; sourceTree = SDKROOT; };
		27DD96E2195EEF7800D65580 /* QRCodeViewController.h */ = {isa = PBXFileReference; fileEncoding = 4; lastKnownFileType = sourcecode.c.h; path = QRCodeViewController.h; sourceTree = "<group>"; };
		27DD96E3195EEF7800D65580 /* QRCodeViewController.m */ = {isa = PBXFileReference; fileEncoding = 4; lastKnownFileType = sourcecode.c.objc; path = QRCodeViewController.m; sourceTree = "<group>"; };
		27DD96E4195EEF7800D65580 /* QRCodeViewController.xib */ = {isa = PBXFileReference; fileEncoding = 4; lastKnownFileType = file.xib; path = QRCodeViewController.xib; sourceTree = "<group>"; };
		27DD96E7195EEF8800D65580 /* ScanViewController.h */ = {isa = PBXFileReference; fileEncoding = 4; lastKnownFileType = sourcecode.c.h; path = ScanViewController.h; sourceTree = "<group>"; };
		27DD96E8195EEF8800D65580 /* ScanViewController.m */ = {isa = PBXFileReference; fileEncoding = 4; lastKnownFileType = sourcecode.c.objc; path = ScanViewController.m; sourceTree = "<group>"; };
		27DD96E9195EEF8800D65580 /* ScanViewController.xib */ = {isa = PBXFileReference; fileEncoding = 4; lastKnownFileType = file.xib; path = ScanViewController.xib; sourceTree = "<group>"; };
		27DD96EC195EFDCC00D65580 /* Dating.h */ = {isa = PBXFileReference; fileEncoding = 4; lastKnownFileType = sourcecode.c.h; path = Dating.h; sourceTree = "<group>"; };
		27DD96ED195EFDCC00D65580 /* Dating.m */ = {isa = PBXFileReference; fileEncoding = 4; lastKnownFileType = sourcecode.c.objc; path = Dating.m; sourceTree = "<group>"; };
		27DD96F0195F0DF200D65580 /* WebViewController.h */ = {isa = PBXFileReference; fileEncoding = 4; lastKnownFileType = sourcecode.c.h; path = WebViewController.h; sourceTree = "<group>"; };
		27DD96F1195F0DF200D65580 /* WebViewController.m */ = {isa = PBXFileReference; fileEncoding = 4; lastKnownFileType = sourcecode.c.objc; path = WebViewController.m; sourceTree = "<group>"; };
		27DD96FE195F216F00D65580 /* FBShimmering.h */ = {isa = PBXFileReference; fileEncoding = 4; lastKnownFileType = sourcecode.c.h; name = FBShimmering.h; path = denpendencies/Shimmer/FBShimmering/FBShimmering.h; sourceTree = "<group>"; };
		27DD96FF195F216F00D65580 /* FBShimmeringLayer.h */ = {isa = PBXFileReference; fileEncoding = 4; lastKnownFileType = sourcecode.c.h; name = FBShimmeringLayer.h; path = denpendencies/Shimmer/FBShimmering/FBShimmeringLayer.h; sourceTree = "<group>"; };
		27DD9700195F216F00D65580 /* FBShimmeringLayer.m */ = {isa = PBXFileReference; fileEncoding = 4; lastKnownFileType = sourcecode.c.objc; name = FBShimmeringLayer.m; path = denpendencies/Shimmer/FBShimmering/FBShimmeringLayer.m; sourceTree = "<group>"; };
		27DD9701195F216F00D65580 /* FBShimmeringView.h */ = {isa = PBXFileReference; fileEncoding = 4; lastKnownFileType = sourcecode.c.h; name = FBShimmeringView.h; path = denpendencies/Shimmer/FBShimmering/FBShimmeringView.h; sourceTree = "<group>"; };
		27DD9702195F216F00D65580 /* FBShimmeringView.m */ = {isa = PBXFileReference; fileEncoding = 4; lastKnownFileType = sourcecode.c.objc; name = FBShimmeringView.m; path = denpendencies/Shimmer/FBShimmering/FBShimmeringView.m; sourceTree = "<group>"; };
		27E603BD195F781000DC4C36 /* SessionsViewController.h */ = {isa = PBXFileReference; fileEncoding = 4; lastKnownFileType = sourcecode.c.h; path = SessionsViewController.h; sourceTree = "<group>"; };
		27E603BE195F781000DC4C36 /* SessionsViewController.m */ = {isa = PBXFileReference; fileEncoding = 4; lastKnownFileType = sourcecode.c.objc; path = SessionsViewController.m; sourceTree = "<group>"; };
		27E603BF195F781000DC4C36 /* SessionsViewController.xib */ = {isa = PBXFileReference; fileEncoding = 4; lastKnownFileType = file.xib; path = SessionsViewController.xib; sourceTree = "<group>"; };
/* End PBXFileReference section */

/* Begin PBXFrameworksBuildPhase section */
		27DD9503195EA2C100D65580 /* Frameworks */ = {
			isa = PBXFrameworksBuildPhase;
			buildActionMask = 2147483647;
			files = (
				27DD96E0195EEB6F00D65580 /* CoreVideo.framework in Frameworks */,
				27DD96DE195EEB6600D65580 /* CoreMedia.framework in Frameworks */,
				27DD96DC195EEB5C00D65580 /* AVFoundation.framework in Frameworks */,
				27DD95B1195EA55B00D65580 /* Security.framework in Frameworks */,
				27DD95AF195EA55400D65580 /* SystemConfiguration.framework in Frameworks */,
				27DD95AD195EA54D00D65580 /* CoreTelephony.framework in Frameworks */,
				27DD95AB195EA54500D65580 /* libiconv.dylib in Frameworks */,
				27DD95A9195EA53C00D65580 /* libsqlite3.dylib in Frameworks */,
				27DD95A7195EA53300D65580 /* libstdc++.dylib in Frameworks */,
				27DD95A5195EA52600D65580 /* libz.dylib in Frameworks */,
				27DD95A3195EA51C00D65580 /* QuartzCore.framework in Frameworks */,
				27DD95A0195EA51800D65580 /* CoreImage.framework in Frameworks */,
				27DD95A1195EA51800D65580 /* ImageIO.framework in Frameworks */,
				27DD957D195EA49900D65580 /* SDWebImage.framework in Frameworks */,
				27DD950C195EA2C100D65580 /* CoreGraphics.framework in Frameworks */,
				27DD958E195EA49900D65580 /* libUMSocial_Sdk_3.3.8.a in Frameworks */,
				27DD950E195EA2C100D65580 /* UIKit.framework in Frameworks */,
				27DD950A195EA2C100D65580 /* Foundation.framework in Frameworks */,
				27DD958C195EA49900D65580 /* libMobClickLibrary.a in Frameworks */,
			);
			runOnlyForDeploymentPostprocessing = 0;
		};
		27DD9524195EA2C100D65580 /* Frameworks */ = {
			isa = PBXFrameworksBuildPhase;
			buildActionMask = 2147483647;
			files = (
				27DD9529195EA2C100D65580 /* XCTest.framework in Frameworks */,
				27DD952B195EA2C100D65580 /* UIKit.framework in Frameworks */,
				27DD952A195EA2C100D65580 /* Foundation.framework in Frameworks */,
			);
			runOnlyForDeploymentPostprocessing = 0;
		};
/* End PBXFrameworksBuildPhase section */

/* Begin PBXGroup section */
		27DD94FD195EA2C100D65580 = {
			isa = PBXGroup;
			children = (
				27DD950F195EA2C100D65580 /* moloso */,
				27DD952E195EA2C100D65580 /* molosoTests */,
				27DD9508195EA2C100D65580 /* Frameworks */,
				27DD9507195EA2C100D65580 /* Products */,
			);
			sourceTree = "<group>";
		};
		27DD9507195EA2C100D65580 /* Products */ = {
			isa = PBXGroup;
			children = (
				27DD9506195EA2C100D65580 /* moloso.app */,
				27DD9527195EA2C100D65580 /* molosoTests.xctest */,
			);
			name = Products;
			sourceTree = "<group>";
		};
		27DD9508195EA2C100D65580 /* Frameworks */ = {
			isa = PBXGroup;
			children = (
				27DD96DF195EEB6F00D65580 /* CoreVideo.framework */,
				27DD96DD195EEB6600D65580 /* CoreMedia.framework */,
				27DD96DB195EEB5C00D65580 /* AVFoundation.framework */,
				27DD95B0195EA55B00D65580 /* Security.framework */,
				27DD95AE195EA55400D65580 /* SystemConfiguration.framework */,
				27DD95AC195EA54D00D65580 /* CoreTelephony.framework */,
				27DD95AA195EA54500D65580 /* libiconv.dylib */,
				27DD95A8195EA53C00D65580 /* libsqlite3.dylib */,
				27DD95A6195EA53300D65580 /* libstdc++.dylib */,
				27DD95A4195EA52600D65580 /* libz.dylib */,
				27DD95A2195EA51C00D65580 /* QuartzCore.framework */,
				27DD959E195EA51800D65580 /* CoreImage.framework */,
				27DD959F195EA51800D65580 /* ImageIO.framework */,
				27DD9509195EA2C100D65580 /* Foundation.framework */,
				27DD950B195EA2C100D65580 /* CoreGraphics.framework */,
				27DD950D195EA2C100D65580 /* UIKit.framework */,
				27DD9528195EA2C100D65580 /* XCTest.framework */,
			);
			name = Frameworks;
			sourceTree = "<group>";
		};
		27DD950F195EA2C100D65580 /* moloso */ = {
			isa = PBXGroup;
			children = (
				27DD9600195EB5EE00D65580 /* api */,
				27DD95F2195EB2A700D65580 /* controllers */,
				27DD95E6195EB1CD00D65580 /* utils */,
				27DD95DF195EAE4900D65580 /* models */,
				27DD953E195EA48900D65580 /* dependencies */,
				27DD9518195EA2C100D65580 /* AppDelegate.h */,
				27DD9519195EA2C100D65580 /* AppDelegate.m */,
				27DD9521195EA2C100D65580 /* Images.xcassets */,
				27DD9510195EA2C100D65580 /* Supporting Files */,
			);
			path = moloso;
			sourceTree = "<group>";
		};
		27DD9510195EA2C100D65580 /* Supporting Files */ = {
			isa = PBXGroup;
			children = (
				27DD9511195EA2C100D65580 /* moloso-Info.plist */,
				27DD9512195EA2C100D65580 /* InfoPlist.strings */,
				27DD9515195EA2C100D65580 /* main.m */,
				27DD9517195EA2C100D65580 /* moloso-Prefix.pch */,
			);
			name = "Supporting Files";
			sourceTree = "<group>";
		};
		27DD952E195EA2C100D65580 /* molosoTests */ = {
			isa = PBXGroup;
			children = (
				27DD9534195EA2C100D65580 /* molosoTests.m */,
				27DD952F195EA2C100D65580 /* Supporting Files */,
			);
			path = molosoTests;
			sourceTree = "<group>";
		};
		27DD952F195EA2C100D65580 /* Supporting Files */ = {
			isa = PBXGroup;
			children = (
				27DD9530195EA2C100D65580 /* molosoTests-Info.plist */,
				27DD9531195EA2C100D65580 /* InfoPlist.strings */,
			);
			name = "Supporting Files";
			sourceTree = "<group>";
		};
		27DD953E195EA48900D65580 /* dependencies */ = {
			isa = PBXGroup;
			children = (
				27DD96FD195F216400D65580 /* Shimmer */,
				27DD960A195EE7A900D65580 /* iOS-QR-Code-Encoder */,
				27DD95D9195EADDE00D65580 /* SVHUD */,
				27DD95BC195EADD000D65580 /* AFNetworking */,
				27DD953F195EA49900D65580 /* SDWebImage.framework */,
				27DD955E195EA49900D65580 /* umeng */,
			);
			name = dependencies;
			sourceTree = "<group>";
		};
		27DD955E195EA49900D65580 /* umeng */ = {
			isa = PBXGroup;
			children = (
				27DD955F195EA49900D65580 /* UMAnayze */,
				27DD9562195EA49900D65580 /* UMSocial_Sdk_3.3.8 */,
			);
			name = umeng;
			path = denpendencies/umeng;
			sourceTree = "<group>";
		};
		27DD955F195EA49900D65580 /* UMAnayze */ = {
			isa = PBXGroup;
			children = (
				27DD9560195EA49900D65580 /* libMobClickLibrary.a */,
				27DD9561195EA49900D65580 /* MobClick.h */,
			);
			path = UMAnayze;
			sourceTree = "<group>";
		};
		27DD9562195EA49900D65580 /* UMSocial_Sdk_3.3.8 */ = {
			isa = PBXGroup;
			children = (
				27DD9563195EA49900D65580 /* UMSocialLocalizable.strings */,
				27DD9565195EA49900D65580 /* Header */,
				27DD9571195EA49900D65580 /* libUMSocial_Sdk_3.3.8.a */,
				27DD9572195EA49900D65580 /* SocialSDKXib */,
				27DD957B195EA49900D65580 /* UMSocialSDKResourcesNew.bundle */,
			);
			path = UMSocial_Sdk_3.3.8;
			sourceTree = "<group>";
		};
		27DD9565195EA49900D65580 /* Header */ = {
			isa = PBXGroup;
			children = (
				27DD9566195EA49900D65580 /* UMSocial.h */,
				27DD9567195EA49900D65580 /* UMSocialAccountManager.h */,
				27DD9568195EA49900D65580 /* UMSocialBar.h */,
				27DD9569195EA49900D65580 /* UMSocialConfig.h */,
				27DD956A195EA49900D65580 /* UMSocialControllerService.h */,
				27DD956B195EA49900D65580 /* UMSocialControllerServiceComment.h */,
				27DD956C195EA49900D65580 /* UMSocialData.h */,
				27DD956D195EA49900D65580 /* UMSocialDataService.h */,
				27DD956E195EA49900D65580 /* UMSocialSnsData.h */,
				27DD956F195EA49900D65580 /* UMSocialSnsPlatformManager.h */,
				27DD9570195EA49900D65580 /* UMSocialSnsService.h */,
			);
			path = Header;
			sourceTree = "<group>";
		};
		27DD9572195EA49900D65580 /* SocialSDKXib */ = {
			isa = PBXGroup;
			children = (
				27DD9573195EA49900D65580 /* UMSCommentDetailController.xib */,
				27DD9574195EA49900D65580 /* UMSCommentInputController.xib */,
				27DD9575195EA49900D65580 /* UMSCommentInputControlleriPad.xib */,
				27DD9576195EA49900D65580 /* UMShareEditViewController.xib */,
				27DD9577195EA49900D65580 /* UMShareEditViewControlleriPad.xib */,
				27DD9578195EA49900D65580 /* UMSLoginViewController.xib */,
				27DD9579195EA49900D65580 /* UMSnsAccountViewController.xib */,
				27DD957A195EA49900D65580 /* UMSShareListController.xib */,
			);
			path = SocialSDKXib;
			sourceTree = "<group>";
		};
		27DD95BC195EADD000D65580 /* AFNetworking */ = {
			isa = PBXGroup;
			children = (
				27DD95BD195EADD000D65580 /* AFHTTPRequestOperation.h */,
				27DD95BE195EADD000D65580 /* AFHTTPRequestOperation.m */,
				27DD95BF195EADD000D65580 /* AFHTTPRequestOperationManager.h */,
				27DD95C0195EADD000D65580 /* AFHTTPRequestOperationManager.m */,
				27DD95C1195EADD000D65580 /* AFHTTPSessionManager.h */,
				27DD95C2195EADD000D65580 /* AFHTTPSessionManager.m */,
				27DD95C3195EADD000D65580 /* AFNetworking.h */,
				27DD95C4195EADD000D65580 /* AFNetworkReachabilityManager.h */,
				27DD95C5195EADD000D65580 /* AFNetworkReachabilityManager.m */,
				27DD95C6195EADD000D65580 /* AFSecurityPolicy.h */,
				27DD95C7195EADD000D65580 /* AFSecurityPolicy.m */,
				27DD95C8195EADD000D65580 /* AFURLConnectionOperation.h */,
				27DD95C9195EADD000D65580 /* AFURLConnectionOperation.m */,
				27DD95CA195EADD000D65580 /* AFURLRequestSerialization.h */,
				27DD95CB195EADD000D65580 /* AFURLRequestSerialization.m */,
				27DD95CC195EADD000D65580 /* AFURLResponseSerialization.h */,
				27DD95CD195EADD000D65580 /* AFURLResponseSerialization.m */,
				27DD95CE195EADD000D65580 /* AFURLSessionManager.h */,
				27DD95CF195EADD000D65580 /* AFURLSessionManager.m */,
			);
			name = AFNetworking;
			path = denpendencies/AFNetworking/AFNetworking;
			sourceTree = "<group>";
		};
		27DD95D9195EADDE00D65580 /* SVHUD */ = {
			isa = PBXGroup;
			children = (
				27DD95DA195EADEC00D65580 /* SVProgressHUD.bundle */,
				27DD95DB195EADEC00D65580 /* SVProgressHUD.h */,
				27DD95DC195EADEC00D65580 /* SVProgressHUD.m */,
			);
			name = SVHUD;
			sourceTree = "<group>";
		};
		27DD95DF195EAE4900D65580 /* models */ = {
			isa = PBXGroup;
			children = (
				27DD95E0195EAE4900D65580 /* CurrentUser.h */,
				27DD95E1195EAE4900D65580 /* CurrentUser.m */,
				27DD95E2195EAE4900D65580 /* User.h */,
				27DD95E3195EAE4900D65580 /* User.m */,
				27DD9604195ED5F200D65580 /* Coupon.h */,
				27DD9605195ED5F200D65580 /* Coupon.m */,
				27DD96EC195EFDCC00D65580 /* Dating.h */,
				27DD96ED195EFDCC00D65580 /* Dating.m */,
			);
			path = models;
			sourceTree = "<group>";
		};
		27DD95E6195EB1CD00D65580 /* utils */ = {
			isa = PBXGroup;
			children = (
				27DD95E7195EB1CD00D65580 /* GlobalDefines.h */,
				27DD95E8195EB1CD00D65580 /* PSFoundation */,
				27DD95ED195EB1CD00D65580 /* UIImage+Color.h */,
				27DD95EE195EB1CD00D65580 /* UIImage+Color.m */,
				27DD9607195EE0E800D65580 /* NSString+MD5.h */,
				27DD9608195EE0E800D65580 /* NSString+MD5.m */,
			);
			path = utils;
			sourceTree = "<group>";
		};
		27DD95E8195EB1CD00D65580 /* PSFoundation */ = {
			isa = PBXGroup;
			children = (
				27DD95E9195EB1CD00D65580 /* PSActionSheet.h */,
				27DD95EA195EB1CD00D65580 /* PSActionSheet.m */,
				27DD95EB195EB1CD00D65580 /* PSAlertView.h */,
				27DD95EC195EB1CD00D65580 /* PSAlertView.m */,
			);
			path = PSFoundation;
			sourceTree = "<group>";
		};
		27DD95F2195EB2A700D65580 /* controllers */ = {
			isa = PBXGroup;
			children = (
				27E603BC195F77F900DC4C36 /* sessions */,
				27DD96EF195F0DF200D65580 /* webview */,
				27DD96E1195EEF4600D65580 /* qrcode */,
				27DD95FA195EB4C200D65580 /* pair */,
				27DD95F3195EB2B600D65580 /* guide */,
			);
			path = controllers;
			sourceTree = "<group>";
		};
		27DD95F3195EB2B600D65580 /* guide */ = {
			isa = PBXGroup;
			children = (
				27DD95F4195EB2B600D65580 /* GuideViewController.h */,
				27DD95F5195EB2B600D65580 /* GuideViewController.m */,
				27DD95F6195EB2B600D65580 /* GuideViewController.xib */,
				27DD95F7195EB2B600D65580 /* LoginDelegate.h */,
			);
			path = guide;
			sourceTree = "<group>";
		};
		27DD95FA195EB4C200D65580 /* pair */ = {
			isa = PBXGroup;
			children = (
				27DD95FB195EB4D900D65580 /* PairViewController.h */,
				27DD95FC195EB4D900D65580 /* PairViewController.m */,
				27DD95FD195EB4D900D65580 /* PairViewController.xib */,
			);
			path = pair;
			sourceTree = "<group>";
		};
		27DD9600195EB5EE00D65580 /* api */ = {
			isa = PBXGroup;
			children = (
				27DD9601195EB5EE00D65580 /* APIClient.h */,
				27DD9602195EB5EE00D65580 /* APIClient.m */,
			);
			path = api;
			sourceTree = "<group>";
		};
		27DD960A195EE7A900D65580 /* iOS-QR-Code-Encoder */ = {
			isa = PBXGroup;
			children = (
				27DD960B195EE7A900D65580 /* Classes */,
				27DD960E195EE7A900D65580 /* libqrencode */,
			);
			name = "iOS-QR-Code-Encoder";
			path = "denpendencies/iOS-QR-Code-Encoder";
			sourceTree = "<group>";
		};
		27DD960B195EE7A900D65580 /* Classes */ = {
			isa = PBXGroup;
			children = (
				27DD960C195EE7A900D65580 /* QRCodeGenerator.h */,
				27DD960D195EE7A900D65580 /* QRCodeGenerator.m */,
			);
			path = Classes;
			sourceTree = "<group>";
		};
		27DD960E195EE7A900D65580 /* libqrencode */ = {
			isa = PBXGroup;
			children = (
				27DD960F195EE7A900D65580 /* bitstream.c */,
				27DD9610195EE7A900D65580 /* bitstream.h */,
				27DD9611195EE7A900D65580 /* mask.c */,
				27DD9612195EE7A900D65580 /* mask.h */,
				27DD9613195EE7A900D65580 /* qrencode.c */,
				27DD9614195EE7A900D65580 /* qrencode.h */,
				27DD9615195EE7A900D65580 /* qrinput.c */,
				27DD9616195EE7A900D65580 /* qrinput.h */,
				27DD9617195EE7A900D65580 /* qrspec.c */,
				27DD9618195EE7A900D65580 /* qrspec.h */,
				27DD9619195EE7A900D65580 /* rscode.c */,
				27DD961A195EE7A900D65580 /* rscode.h */,
				27DD961B195EE7A900D65580 /* split.c */,
				27DD961C195EE7A900D65580 /* split.h */,
			);
			path = libqrencode;
			sourceTree = "<group>";
		};
		27DD96E1195EEF4600D65580 /* qrcode */ = {
			isa = PBXGroup;
			children = (
				27DD96E2195EEF7800D65580 /* QRCodeViewController.h */,
				27DD96E3195EEF7800D65580 /* QRCodeViewController.m */,
				27DD96E4195EEF7800D65580 /* QRCodeViewController.xib */,
				27DD96E7195EEF8800D65580 /* ScanViewController.h */,
				27DD96E8195EEF8800D65580 /* ScanViewController.m */,
				27DD96E9195EEF8800D65580 /* ScanViewController.xib */,
			);
			path = qrcode;
			sourceTree = "<group>";
		};
		27DD96EF195F0DF200D65580 /* webview */ = {
			isa = PBXGroup;
			children = (
				27DD96F0195F0DF200D65580 /* WebViewController.h */,
				27DD96F1195F0DF200D65580 /* WebViewController.m */,
			);
			path = webview;
			sourceTree = "<group>";
		};
		27DD96FD195F216400D65580 /* Shimmer */ = {
			isa = PBXGroup;
			children = (
				27DD96FE195F216F00D65580 /* FBShimmering.h */,
				27DD96FF195F216F00D65580 /* FBShimmeringLayer.h */,
				27DD9700195F216F00D65580 /* FBShimmeringLayer.m */,
				27DD9701195F216F00D65580 /* FBShimmeringView.h */,
				27DD9702195F216F00D65580 /* FBShimmeringView.m */,
			);
			name = Shimmer;
			sourceTree = "<group>";
		};
		27E603BC195F77F900DC4C36 /* sessions */ = {
			isa = PBXGroup;
			children = (
				27E603BD195F781000DC4C36 /* SessionsViewController.h */,
				27E603BE195F781000DC4C36 /* SessionsViewController.m */,
				27E603BF195F781000DC4C36 /* SessionsViewController.xib */,
			);
			path = sessions;
			sourceTree = "<group>";
		};
/* End PBXGroup section */

/* Begin PBXNativeTarget section */
		27DD9505195EA2C100D65580 /* moloso */ = {
			isa = PBXNativeTarget;
			buildConfigurationList = 27DD9538195EA2C100D65580 /* Build configuration list for PBXNativeTarget "moloso" */;
			buildPhases = (
				27DD9502195EA2C100D65580 /* Sources */,
				27DD9503195EA2C100D65580 /* Frameworks */,
				27DD9504195EA2C100D65580 /* Resources */,
			);
			buildRules = (
			);
			dependencies = (
			);
			name = moloso;
			productName = moloso;
			productReference = 27DD9506195EA2C100D65580 /* moloso.app */;
			productType = "com.apple.product-type.application";
		};
		27DD9526195EA2C100D65580 /* molosoTests */ = {
			isa = PBXNativeTarget;
			buildConfigurationList = 27DD953B195EA2C100D65580 /* Build configuration list for PBXNativeTarget "molosoTests" */;
			buildPhases = (
				27DD9523195EA2C100D65580 /* Sources */,
				27DD9524195EA2C100D65580 /* Frameworks */,
				27DD9525195EA2C100D65580 /* Resources */,
			);
			buildRules = (
			);
			dependencies = (
				27DD952D195EA2C100D65580 /* PBXTargetDependency */,
			);
			name = molosoTests;
			productName = molosoTests;
			productReference = 27DD9527195EA2C100D65580 /* molosoTests.xctest */;
			productType = "com.apple.product-type.bundle.unit-test";
		};
/* End PBXNativeTarget section */

/* Begin PBXProject section */
		27DD94FE195EA2C100D65580 /* Project object */ = {
			isa = PBXProject;
			attributes = {
				LastUpgradeCheck = 0510;
				ORGANIZATIONNAME = croath;
				TargetAttributes = {
					27DD9526195EA2C100D65580 = {
						TestTargetID = 27DD9505195EA2C100D65580;
					};
				};
			};
			buildConfigurationList = 27DD9501195EA2C100D65580 /* Build configuration list for PBXProject "moloso" */;
			compatibilityVersion = "Xcode 3.2";
			developmentRegion = English;
			hasScannedForEncodings = 0;
			knownRegions = (
				en,
				Base,
				"zh-Hans",
			);
			mainGroup = 27DD94FD195EA2C100D65580;
			productRefGroup = 27DD9507195EA2C100D65580 /* Products */;
			projectDirPath = "";
			projectRoot = "";
			targets = (
				27DD9505195EA2C100D65580 /* moloso */,
				27DD9526195EA2C100D65580 /* molosoTests */,
			);
		};
/* End PBXProject section */

/* Begin PBXResourcesBuildPhase section */
		27DD9504195EA2C100D65580 /* Resources */ = {
			isa = PBXResourcesBuildPhase;
			buildActionMask = 2147483647;
			files = (
				27DD9592195EA49900D65580 /* UMShareEditViewController.xib in Resources */,
				27DD95F9195EB2B600D65580 /* GuideViewController.xib in Resources */,
				27DD9522195EA2C100D65580 /* Images.xcassets in Resources */,
				27DD95FF195EB4D900D65580 /* PairViewController.xib in Resources */,
				27DD9594195EA49900D65580 /* UMSLoginViewController.xib in Resources */,
				27DD958F195EA49900D65580 /* UMSCommentDetailController.xib in Resources */,
				27DD9595195EA49900D65580 /* UMSnsAccountViewController.xib in Resources */,
				27E603C1195F781000DC4C36 /* SessionsViewController.xib in Resources */,
				27DD9590195EA49900D65580 /* UMSCommentInputController.xib in Resources */,
				27DD9591195EA49900D65580 /* UMSCommentInputControlleriPad.xib in Resources */,
				27DD96EB195EEF8800D65580 /* ScanViewController.xib in Resources */,
				27DD958D195EA49900D65580 /* UMSocialLocalizable.strings in Resources */,
				27DD95DD195EADEC00D65580 /* SVProgressHUD.bundle in Resources */,
				27DD96E6195EEF7800D65580 /* QRCodeViewController.xib in Resources */,
				27DD9593195EA49900D65580 /* UMShareEditViewControlleriPad.xib in Resources */,
				27DD9596195EA49900D65580 /* UMSShareListController.xib in Resources */,
				27DD9597195EA49900D65580 /* UMSocialSDKResourcesNew.bundle in Resources */,
				27DD9514195EA2C100D65580 /* InfoPlist.strings in Resources */,
			);
			runOnlyForDeploymentPostprocessing = 0;
		};
		27DD9525195EA2C100D65580 /* Resources */ = {
			isa = PBXResourcesBuildPhase;
			buildActionMask = 2147483647;
			files = (
				27DD9533195EA2C100D65580 /* InfoPlist.strings in Resources */,
			);
			runOnlyForDeploymentPostprocessing = 0;
		};
/* End PBXResourcesBuildPhase section */

/* Begin PBXSourcesBuildPhase section */
		27DD9502195EA2C100D65580 /* Sources */ = {
			isa = PBXSourcesBuildPhase;
			buildActionMask = 2147483647;
			files = (
				27E603C0195F781000DC4C36 /* SessionsViewController.m in Sources */,
				27DD9686195EE7AA00D65580 /* QRCodeGenerator.m in Sources */,
				27DD95D6195EADD000D65580 /* AFURLRequestSerialization.m in Sources */,
				27DD95D5195EADD000D65580 /* AFURLConnectionOperation.m in Sources */,
				27DD95D4195EADD000D65580 /* AFSecurityPolicy.m in Sources */,
				27DD9689195EE7AA00D65580 /* qrencode.c in Sources */,
				27DD9606195ED5F200D65580 /* Coupon.m in Sources */,
				27DD968C195EE7AA00D65580 /* rscode.c in Sources */,
				27DD9704195F216F00D65580 /* FBShimmeringView.m in Sources */,
				27DD9609195EE0E800D65580 /* NSString+MD5.m in Sources */,
				27DD95F1195EB1CD00D65580 /* UIImage+Color.m in Sources */,
				27DD9687195EE7AA00D65580 /* bitstream.c in Sources */,
				27DD95D0195EADD000D65580 /* AFHTTPRequestOperation.m in Sources */,
				27DD95D8195EADD000D65580 /* AFURLSessionManager.m in Sources */,
				27DD96E5195EEF7800D65580 /* QRCodeViewController.m in Sources */,
				27DD968B195EE7AA00D65580 /* qrspec.c in Sources */,
				27DD9688195EE7AA00D65580 /* mask.c in Sources */,
				27DD95FE195EB4D900D65580 /* PairViewController.m in Sources */,
				27DD95DE195EADEC00D65580 /* SVProgressHUD.m in Sources */,
				27DD968A195EE7AA00D65580 /* qrinput.c in Sources */,
				27DD95EF195EB1CD00D65580 /* PSActionSheet.m in Sources */,
				27DD96EA195EEF8800D65580 /* ScanViewController.m in Sources */,
				27DD968D195EE7AA00D65580 /* split.c in Sources */,
				27DD95D7195EADD000D65580 /* AFURLResponseSerialization.m in Sources */,
				27DD951A195EA2C100D65580 /* AppDelegate.m in Sources */,
				27DD95E5195EAE4900D65580 /* User.m in Sources */,
				27DD95D2195EADD000D65580 /* AFHTTPSessionManager.m in Sources */,
				27DD96F2195F0DF200D65580 /* WebViewController.m in Sources */,
				27DD95D1195EADD000D65580 /* AFHTTPRequestOperationManager.m in Sources */,
				27DD95E4195EAE4900D65580 /* CurrentUser.m in Sources */,
				27DD96EE195EFDCC00D65580 /* Dating.m in Sources */,
				27DD9603195EB5EE00D65580 /* APIClient.m in Sources */,
				27DD95D3195EADD000D65580 /* AFNetworkReachabilityManager.m in Sources */,
				27DD95F0195EB1CD00D65580 /* PSAlertView.m in Sources */,
				27DD9703195F216F00D65580 /* FBShimmeringLayer.m in Sources */,
				27DD9516195EA2C100D65580 /* main.m in Sources */,
				27DD95F8195EB2B600D65580 /* GuideViewController.m in Sources */,
			);
			runOnlyForDeploymentPostprocessing = 0;
		};
		27DD9523195EA2C100D65580 /* Sources */ = {
			isa = PBXSourcesBuildPhase;
			buildActionMask = 2147483647;
			files = (
				27DD9535195EA2C100D65580 /* molosoTests.m in Sources */,
			);
			runOnlyForDeploymentPostprocessing = 0;
		};
/* End PBXSourcesBuildPhase section */

/* Begin PBXTargetDependency section */
		27DD952D195EA2C100D65580 /* PBXTargetDependency */ = {
			isa = PBXTargetDependency;
			target = 27DD9505195EA2C100D65580 /* moloso */;
			targetProxy = 27DD952C195EA2C100D65580 /* PBXContainerItemProxy */;
		};
/* End PBXTargetDependency section */

/* Begin PBXVariantGroup section */
		27DD9512195EA2C100D65580 /* InfoPlist.strings */ = {
			isa = PBXVariantGroup;
			children = (
				27DD9513195EA2C100D65580 /* en */,
			);
			name = InfoPlist.strings;
			sourceTree = "<group>";
		};
		27DD9531195EA2C100D65580 /* InfoPlist.strings */ = {
			isa = PBXVariantGroup;
			children = (
				27DD9532195EA2C100D65580 /* en */,
			);
			name = InfoPlist.strings;
			sourceTree = "<group>";
		};
		27DD9563195EA49900D65580 /* UMSocialLocalizable.strings */ = {
			isa = PBXVariantGroup;
			children = (
				27DD9564195EA49900D65580 /* en */,
				27DD957C195EA49900D65580 /* zh-Hans */,
			);
			name = UMSocialLocalizable.strings;
			sourceTree = "<group>";
		};
/* End PBXVariantGroup section */

/* Begin XCBuildConfiguration section */
		27DD9536195EA2C100D65580 /* Debug */ = {
			isa = XCBuildConfiguration;
			buildSettings = {
				ALWAYS_SEARCH_USER_PATHS = NO;
				CLANG_CXX_LANGUAGE_STANDARD = "gnu++0x";
				CLANG_CXX_LIBRARY = "libc++";
				CLANG_ENABLE_MODULES = YES;
				CLANG_ENABLE_OBJC_ARC = YES;
				CLANG_WARN_BOOL_CONVERSION = YES;
				CLANG_WARN_CONSTANT_CONVERSION = YES;
				CLANG_WARN_DIRECT_OBJC_ISA_USAGE = YES_ERROR;
				CLANG_WARN_EMPTY_BODY = YES;
				CLANG_WARN_ENUM_CONVERSION = YES;
				CLANG_WARN_INT_CONVERSION = YES;
				CLANG_WARN_OBJC_ROOT_CLASS = YES_ERROR;
				CLANG_WARN__DUPLICATE_METHOD_MATCH = YES;
				"CODE_SIGN_IDENTITY[sdk=iphoneos*]" = "iPhone Developer";
				COPY_PHASE_STRIP = NO;
				GCC_C_LANGUAGE_STANDARD = gnu99;
				GCC_DYNAMIC_NO_PIC = NO;
				GCC_OPTIMIZATION_LEVEL = 0;
				GCC_PREPROCESSOR_DEFINITIONS = (
					"DEBUG=1",
					"$(inherited)",
				);
				GCC_SYMBOLS_PRIVATE_EXTERN = NO;
				GCC_WARN_64_TO_32_BIT_CONVERSION = YES;
				GCC_WARN_ABOUT_RETURN_TYPE = YES_ERROR;
				GCC_WARN_UNDECLARED_SELECTOR = YES;
				GCC_WARN_UNINITIALIZED_AUTOS = YES_AGGRESSIVE;
				GCC_WARN_UNUSED_FUNCTION = YES;
				GCC_WARN_UNUSED_VARIABLE = YES;
				HEADER_SEARCH_PATHS = (
					"$(inherited)",
					/Applications/Xcode.app/Contents/Developer/Toolchains/XcodeDefault.xctoolchain/usr/include,
				);
				IPHONEOS_DEPLOYMENT_TARGET = 7.1;
				ONLY_ACTIVE_ARCH = NO;
				OTHER_LDFLAGS = "-ObjC";
				SDKROOT = iphoneos;
				USER_HEADER_SEARCH_PATHS = "";
				VALID_ARCHS = armv7;
			};
			name = Debug;
		};
		27DD9537195EA2C100D65580 /* Release */ = {
			isa = XCBuildConfiguration;
			buildSettings = {
				ALWAYS_SEARCH_USER_PATHS = NO;
				CLANG_CXX_LANGUAGE_STANDARD = "gnu++0x";
				CLANG_CXX_LIBRARY = "libc++";
				CLANG_ENABLE_MODULES = YES;
				CLANG_ENABLE_OBJC_ARC = YES;
				CLANG_WARN_BOOL_CONVERSION = YES;
				CLANG_WARN_CONSTANT_CONVERSION = YES;
				CLANG_WARN_DIRECT_OBJC_ISA_USAGE = YES_ERROR;
				CLANG_WARN_EMPTY_BODY = YES;
				CLANG_WARN_ENUM_CONVERSION = YES;
				CLANG_WARN_INT_CONVERSION = YES;
				CLANG_WARN_OBJC_ROOT_CLASS = YES_ERROR;
				CLANG_WARN__DUPLICATE_METHOD_MATCH = YES;
				"CODE_SIGN_IDENTITY[sdk=iphoneos*]" = "iPhone Developer";
				COPY_PHASE_STRIP = YES;
				ENABLE_NS_ASSERTIONS = NO;
				GCC_C_LANGUAGE_STANDARD = gnu99;
				GCC_WARN_64_TO_32_BIT_CONVERSION = YES;
				GCC_WARN_ABOUT_RETURN_TYPE = YES_ERROR;
				GCC_WARN_UNDECLARED_SELECTOR = YES;
				GCC_WARN_UNINITIALIZED_AUTOS = YES_AGGRESSIVE;
				GCC_WARN_UNUSED_FUNCTION = YES;
				GCC_WARN_UNUSED_VARIABLE = YES;
				HEADER_SEARCH_PATHS = (
					"$(inherited)",
					/Applications/Xcode.app/Contents/Developer/Toolchains/XcodeDefault.xctoolchain/usr/include,
				);
				IPHONEOS_DEPLOYMENT_TARGET = 7.1;
				OTHER_LDFLAGS = "-ObjC";
				SDKROOT = iphoneos;
				USER_HEADER_SEARCH_PATHS = "";
				VALIDATE_PRODUCT = YES;
				VALID_ARCHS = armv7;
			};
			name = Release;
		};
		27DD9539195EA2C100D65580 /* Debug */ = {
			isa = XCBuildConfiguration;
			buildSettings = {
				ASSETCATALOG_COMPILER_APPICON_NAME = AppIcon;
				ASSETCATALOG_COMPILER_LAUNCHIMAGE_NAME = LaunchImage;
				FRAMEWORK_SEARCH_PATHS = (
					"$(inherited)",
					"$(PROJECT_DIR)/moloso/denpendencies",
				);
				GCC_PRECOMPILE_PREFIX_HEADER = YES;
				GCC_PREFIX_HEADER = "moloso/moloso-Prefix.pch";
				INFOPLIST_FILE = "moloso/moloso-Info.plist";
				LIBRARY_SEARCH_PATHS = (
					"$(inherited)",
					"$(PROJECT_DIR)/moloso/denpendencies/umeng/UMAnayze",
					"$(PROJECT_DIR)/moloso/denpendencies/umeng/UMSocial_Sdk_3.3.8",
					"$(PROJECT_DIR)/moloso/ZBarSDK",
				);
				ONLY_ACTIVE_ARCH = NO;
				PRODUCT_NAME = "$(TARGET_NAME)";
				TARGETED_DEVICE_FAMILY = 1;
				USER_HEADER_SEARCH_PATHS = "";
				VALID_ARCHS = armv7;
				WRAPPER_EXTENSION = app;
			};
			name = Debug;
		};
		27DD953A195EA2C100D65580 /* Release */ = {
			isa = XCBuildConfiguration;
			buildSettings = {
				ASSETCATALOG_COMPILER_APPICON_NAME = AppIcon;
				ASSETCATALOG_COMPILER_LAUNCHIMAGE_NAME = LaunchImage;
				FRAMEWORK_SEARCH_PATHS = (
					"$(inherited)",
					"$(PROJECT_DIR)/moloso/denpendencies",
				);
				GCC_PRECOMPILE_PREFIX_HEADER = YES;
				GCC_PREFIX_HEADER = "moloso/moloso-Prefix.pch";
				INFOPLIST_FILE = "moloso/moloso-Info.plist";
				LIBRARY_SEARCH_PATHS = (
					"$(inherited)",
					"$(PROJECT_DIR)/moloso/denpendencies/umeng/UMAnayze",
					"$(PROJECT_DIR)/moloso/denpendencies/umeng/UMSocial_Sdk_3.3.8",
					"$(PROJECT_DIR)/moloso/ZBarSDK",
				);
				PRODUCT_NAME = "$(TARGET_NAME)";
				TARGETED_DEVICE_FAMILY = 1;
				USER_HEADER_SEARCH_PATHS = "";
				VALID_ARCHS = armv7;
				WRAPPER_EXTENSION = app;
			};
			name = Release;
		};
		27DD953C195EA2C100D65580 /* Debug */ = {
			isa = XCBuildConfiguration;
			buildSettings = {
				BUNDLE_LOADER = "$(BUILT_PRODUCTS_DIR)/moloso.app/moloso";
				FRAMEWORK_SEARCH_PATHS = (
					"$(SDKROOT)/Developer/Library/Frameworks",
					"$(inherited)",
					"$(DEVELOPER_FRAMEWORKS_DIR)",
				);
				GCC_PRECOMPILE_PREFIX_HEADER = YES;
				GCC_PREFIX_HEADER = "moloso/moloso-Prefix.pch";
				GCC_PREPROCESSOR_DEFINITIONS = (
					"DEBUG=1",
					"$(inherited)",
				);
				INFOPLIST_FILE = "molosoTests/molosoTests-Info.plist";
				PRODUCT_NAME = "$(TARGET_NAME)";
				TEST_HOST = "$(BUNDLE_LOADER)";
				WRAPPER_EXTENSION = xctest;
			};
			name = Debug;
		};
		27DD953D195EA2C100D65580 /* Release */ = {
			isa = XCBuildConfiguration;
			buildSettings = {
				BUNDLE_LOADER = "$(BUILT_PRODUCTS_DIR)/moloso.app/moloso";
				FRAMEWORK_SEARCH_PATHS = (
					"$(SDKROOT)/Developer/Library/Frameworks",
					"$(inherited)",
					"$(DEVELOPER_FRAMEWORKS_DIR)",
				);
				GCC_PRECOMPILE_PREFIX_HEADER = YES;
				GCC_PREFIX_HEADER = "moloso/moloso-Prefix.pch";
				INFOPLIST_FILE = "molosoTests/molosoTests-Info.plist";
				PRODUCT_NAME = "$(TARGET_NAME)";
				TEST_HOST = "$(BUNDLE_LOADER)";
				WRAPPER_EXTENSION = xctest;
			};
			name = Release;
		};
/* End XCBuildConfiguration section */

/* Begin XCConfigurationList section */
		27DD9501195EA2C100D65580 /* Build configuration list for PBXProject "moloso" */ = {
			isa = XCConfigurationList;
			buildConfigurations = (
				27DD9536195EA2C100D65580 /* Debug */,
				27DD9537195EA2C100D65580 /* Release */,
			);
			defaultConfigurationIsVisible = 0;
			defaultConfigurationName = Release;
		};
		27DD9538195EA2C100D65580 /* Build configuration list for PBXNativeTarget "moloso" */ = {
			isa = XCConfigurationList;
			buildConfigurations = (
				27DD9539195EA2C100D65580 /* Debug */,
				27DD953A195EA2C100D65580 /* Release */,
			);
			defaultConfigurationIsVisible = 0;
			defaultConfigurationName = Release;
		};
		27DD953B195EA2C100D65580 /* Build configuration list for PBXNativeTarget "molosoTests" */ = {
			isa = XCConfigurationList;
			buildConfigurations = (
				27DD953C195EA2C100D65580 /* Debug */,
				27DD953D195EA2C100D65580 /* Release */,
			);
			defaultConfigurationIsVisible = 0;
			defaultConfigurationName = Release;
		};
/* End XCConfigurationList section */
	};
	rootObject = 27DD94FE195EA2C100D65580 /* Project object */;
}
